// !$*UTF8*$!
{
	archiveVersion = 1;
	classes = {
	};
	objectVersion = 70;
	objects = {

/* Begin PBXBuildFile section */
		162929372581E97E00A697C3 /* Day10.swift in Sources */ = {isa = PBXBuildFile; fileRef = 162929362581E97E00A697C3 /* Day10.swift */; };
		165FD2D12938599400061CF8 /* main.swift in Sources */ = {isa = PBXBuildFile; fileRef = 165FD2D02938599400061CF8 /* main.swift */; };
		165FD2D7293859BC00061CF8 /* Day01.swift in Sources */ = {isa = PBXBuildFile; fileRef = 165FD2D6293859BC00061CF8 /* Day01.swift */; };
		165FD2DC29385A3A00061CF8 /* Year.swift in Sources */ = {isa = PBXBuildFile; fileRef = 167CBC96257705B400E3D47B /* Year.swift */; };
		165FD2DD29385A3A00061CF8 /* util.swift in Sources */ = {isa = PBXBuildFile; fileRef = 167CBCA52577068D00E3D47B /* util.swift */; };
		165FD2DE29385A3A00061CF8 /* Day.swift in Sources */ = {isa = PBXBuildFile; fileRef = 167CBC99257705E600E3D47B /* Day.swift */; };
		165FD2DF29385A3A00061CF8 /* Input.swift in Sources */ = {isa = PBXBuildFile; fileRef = 16A78E1925796F14009AE4E5 /* Input.swift */; };
		165FD2E3293974CF00061CF8 /* Day02.swift in Sources */ = {isa = PBXBuildFile; fileRef = 165FD2E2293974CE00061CF8 /* Day02.swift */; };
		165FD37F293975DF00061CF8 /* Day03.swift in Sources */ = {isa = PBXBuildFile; fileRef = 165FD33F293975DE00061CF8 /* Day03.swift */; };
		165FD380293975DF00061CF8 /* Day08.swift in Sources */ = {isa = PBXBuildFile; fileRef = 165FD342293975DE00061CF8 /* Day08.swift */; };
		165FD381293975DF00061CF8 /* Day20.swift in Sources */ = {isa = PBXBuildFile; fileRef = 165FD345293975DE00061CF8 /* Day20.swift */; };
		165FD382293975DF00061CF8 /* Day19.swift in Sources */ = {isa = PBXBuildFile; fileRef = 165FD348293975DF00061CF8 /* Day19.swift */; };
		165FD383293975DF00061CF8 /* Day21.swift in Sources */ = {isa = PBXBuildFile; fileRef = 165FD34B293975DF00061CF8 /* Day21.swift */; };
		165FD384293975DF00061CF8 /* Day18.swift in Sources */ = {isa = PBXBuildFile; fileRef = 165FD34E293975DF00061CF8 /* Day18.swift */; };
		165FD385293975DF00061CF8 /* Day13.swift in Sources */ = {isa = PBXBuildFile; fileRef = 165FD351293975DF00061CF8 /* Day13.swift */; };
		165FD386293975DF00061CF8 /* Day10.swift in Sources */ = {isa = PBXBuildFile; fileRef = 165FD354293975DF00061CF8 /* Day10.swift */; };
		165FD387293975DF00061CF8 /* Day16.swift in Sources */ = {isa = PBXBuildFile; fileRef = 165FD357293975DF00061CF8 /* Day16.swift */; };
		165FD388293975DF00061CF8 /* Day12.swift in Sources */ = {isa = PBXBuildFile; fileRef = 165FD35A293975DF00061CF8 /* Day12.swift */; };
		165FD389293975DF00061CF8 /* Day06.swift in Sources */ = {isa = PBXBuildFile; fileRef = 165FD35D293975DF00061CF8 /* Day06.swift */; };
		165FD38A293975DF00061CF8 /* Day05.swift in Sources */ = {isa = PBXBuildFile; fileRef = 165FD360293975DF00061CF8 /* Day05.swift */; };
		165FD38B293975DF00061CF8 /* Day22.swift in Sources */ = {isa = PBXBuildFile; fileRef = 165FD363293975DF00061CF8 /* Day22.swift */; };
		165FD38C293975DF00061CF8 /* Day04.swift in Sources */ = {isa = PBXBuildFile; fileRef = 165FD366293975DF00061CF8 /* Day04.swift */; };
		165FD38D293975DF00061CF8 /* Day07.swift in Sources */ = {isa = PBXBuildFile; fileRef = 165FD369293975DF00061CF8 /* Day07.swift */; };
		165FD38E293975DF00061CF8 /* Day23.swift in Sources */ = {isa = PBXBuildFile; fileRef = 165FD36C293975DF00061CF8 /* Day23.swift */; };
		165FD38F293975DF00061CF8 /* Day11.swift in Sources */ = {isa = PBXBuildFile; fileRef = 165FD36F293975DF00061CF8 /* Day11.swift */; };
		165FD390293975DF00061CF8 /* Day24.swift in Sources */ = {isa = PBXBuildFile; fileRef = 165FD372293975DF00061CF8 /* Day24.swift */; };
		165FD391293975DF00061CF8 /* Day14.swift in Sources */ = {isa = PBXBuildFile; fileRef = 165FD375293975DF00061CF8 /* Day14.swift */; };
		165FD392293975DF00061CF8 /* Day17.swift in Sources */ = {isa = PBXBuildFile; fileRef = 165FD378293975DF00061CF8 /* Day17.swift */; };
		165FD393293975DF00061CF8 /* Day09.swift in Sources */ = {isa = PBXBuildFile; fileRef = 165FD37B293975DF00061CF8 /* Day09.swift */; };
		165FD394293975DF00061CF8 /* Day15.swift in Sources */ = {isa = PBXBuildFile; fileRef = 165FD37E293975DF00061CF8 /* Day15.swift */; };
		167B76CD2584485A0071F478 /* Day12.swift in Sources */ = {isa = PBXBuildFile; fileRef = 167B76CC2584485A0071F478 /* Day12.swift */; };
		167B76D825844A810071F478 /* Day03.swift in Sources */ = {isa = PBXBuildFile; fileRef = 167B76D725844A810071F478 /* Day03.swift */; };
		167CBC8F257705A600E3D47B /* main.swift in Sources */ = {isa = PBXBuildFile; fileRef = 167CBC8E257705A600E3D47B /* main.swift */; };
		167CBC97257705B400E3D47B /* Year.swift in Sources */ = {isa = PBXBuildFile; fileRef = 167CBC96257705B400E3D47B /* Year.swift */; };
		167CBC9A257705E600E3D47B /* Day.swift in Sources */ = {isa = PBXBuildFile; fileRef = 167CBC99257705E600E3D47B /* Day.swift */; };
		167CBCA62577068D00E3D47B /* util.swift in Sources */ = {isa = PBXBuildFile; fileRef = 167CBCA52577068D00E3D47B /* util.swift */; };
		168621332586788E00D8472B /* Day13.swift in Sources */ = {isa = PBXBuildFile; fileRef = 168621322586788E00D8472B /* Day13.swift */; };
		168D74B92CFC4DE200D9D77E /* Year.swift in Sources */ = {isa = PBXBuildFile; fileRef = 167CBC96257705B400E3D47B /* Year.swift */; };
		168D74BA2CFC4DE200D9D77E /* Day.swift in Sources */ = {isa = PBXBuildFile; fileRef = 167CBC99257705E600E3D47B /* Day.swift */; };
		168D74BB2CFC4DE200D9D77E /* Input.swift in Sources */ = {isa = PBXBuildFile; fileRef = 16A78E1925796F14009AE4E5 /* Input.swift */; };
		168D74BC2CFC4DE900D9D77E /* util.swift in Sources */ = {isa = PBXBuildFile; fileRef = 167CBCA52577068D00E3D47B /* util.swift */; };
		16A78E1A25796F14009AE4E5 /* Input.swift in Sources */ = {isa = PBXBuildFile; fileRef = 16A78E1925796F14009AE4E5 /* Input.swift */; };
		16A78E9F257DE3A8009AE4E5 /* main.swift in Sources */ = {isa = PBXBuildFile; fileRef = 16A78E9E257DE3A8009AE4E5 /* main.swift */; };
		16A78EA5257DE40F009AE4E5 /* Year.swift in Sources */ = {isa = PBXBuildFile; fileRef = 167CBC96257705B400E3D47B /* Year.swift */; };
		16A78EA6257DE40F009AE4E5 /* Day.swift in Sources */ = {isa = PBXBuildFile; fileRef = 167CBC99257705E600E3D47B /* Day.swift */; };
		16A78EA7257DE40F009AE4E5 /* Input.swift in Sources */ = {isa = PBXBuildFile; fileRef = 16A78E1925796F14009AE4E5 /* Input.swift */; };
		16A78EB0257DE46B009AE4E5 /* Day04.swift in Sources */ = {isa = PBXBuildFile; fileRef = 16A78E1525794A79009AE4E5 /* Day04.swift */; };
		16A78EB1257DE46B009AE4E5 /* Day05.swift in Sources */ = {isa = PBXBuildFile; fileRef = 16A78E62257B5202009AE4E5 /* Day05.swift */; };
		16A78EB2257DE46B009AE4E5 /* Day01.swift in Sources */ = {isa = PBXBuildFile; fileRef = 167CBC9D2577061500E3D47B /* Day01.swift */; };
		16A78EB3257DE46B009AE4E5 /* Day06.swift in Sources */ = {isa = PBXBuildFile; fileRef = 16A78E67257C9CD9009AE4E5 /* Day06.swift */; };
		16A78EB4257DE46B009AE4E5 /* Day02.swift in Sources */ = {isa = PBXBuildFile; fileRef = 16A78E05257807F4009AE4E5 /* Day02.swift */; };
		16A78EB5257DE46B009AE4E5 /* Day03.swift in Sources */ = {isa = PBXBuildFile; fileRef = 16A78E10257899D3009AE4E5 /* Day03.swift */; };
		16A78EB8257DE480009AE4E5 /* util.swift in Sources */ = {isa = PBXBuildFile; fileRef = 167CBCA52577068D00E3D47B /* util.swift */; };
		16A78EBE257DE50B009AE4E5 /* Day07.swift in Sources */ = {isa = PBXBuildFile; fileRef = 16A78EBD257DE50B009AE4E5 /* Day07.swift */; };
		16A78EC3257DE55B009AE4E5 /* Day08.swift in Sources */ = {isa = PBXBuildFile; fileRef = 16A78EC2257DE55B009AE4E5 /* Day08.swift */; };
		16A78ECF257DE589009AE4E5 /* main.swift in Sources */ = {isa = PBXBuildFile; fileRef = 16A78ECE257DE589009AE4E5 /* main.swift */; };
		16A78EDE257DE79A009AE4E5 /* Day01.swift in Sources */ = {isa = PBXBuildFile; fileRef = 16A78EDD257DE79A009AE4E5 /* Day01.swift */; };
		16A78EE5257DE820009AE4E5 /* Year.swift in Sources */ = {isa = PBXBuildFile; fileRef = 167CBC96257705B400E3D47B /* Year.swift */; };
		16A78EE6257DE820009AE4E5 /* Day.swift in Sources */ = {isa = PBXBuildFile; fileRef = 167CBC99257705E600E3D47B /* Day.swift */; };
		16A78EE7257DE820009AE4E5 /* Input.swift in Sources */ = {isa = PBXBuildFile; fileRef = 16A78E1925796F14009AE4E5 /* Input.swift */; };
		16A78EEB257DE823009AE4E5 /* util.swift in Sources */ = {isa = PBXBuildFile; fileRef = 167CBCA52577068D00E3D47B /* util.swift */; };
		16A78EF1257EB087009AE4E5 /* Day02.swift in Sources */ = {isa = PBXBuildFile; fileRef = 16A78EF0257EB087009AE4E5 /* Day02.swift */; };
		16A78EFD257EC5A1009AE4E5 /* Day03.swift in Sources */ = {isa = PBXBuildFile; fileRef = 16A78EFC257EC5A1009AE4E5 /* Day03.swift */; };
		16A78F06257F2335009AE4E5 /* Day04.swift in Sources */ = {isa = PBXBuildFile; fileRef = 16A78F05257F2335009AE4E5 /* Day04.swift */; };
		16A78F0F25806042009AE4E5 /* Day09.swift in Sources */ = {isa = PBXBuildFile; fileRef = 16A78F0E25806041009AE4E5 /* Day09.swift */; };
		16E25B762756A01E00F8ACCC /* main.swift in Sources */ = {isa = PBXBuildFile; fileRef = 16E25B752756A01E00F8ACCC /* main.swift */; };
		16E25B782756A02C00F8ACCC /* Year.swift in Sources */ = {isa = PBXBuildFile; fileRef = 167CBC96257705B400E3D47B /* Year.swift */; };
		16E25B792756A02C00F8ACCC /* Input.swift in Sources */ = {isa = PBXBuildFile; fileRef = 16A78E1925796F14009AE4E5 /* Input.swift */; };
		16E25B7A2756A02C00F8ACCC /* util.swift in Sources */ = {isa = PBXBuildFile; fileRef = 167CBCA52577068D00E3D47B /* util.swift */; };
		16E25B7B2756A02C00F8ACCC /* Day.swift in Sources */ = {isa = PBXBuildFile; fileRef = 167CBC99257705E600E3D47B /* Day.swift */; };
		16E25BAD2756A1BD00F8ACCC /* Day03.swift in Sources */ = {isa = PBXBuildFile; fileRef = 16E25B7E2756A1BB00F8ACCC /* Day03.swift */; };
		16E25BAE2756A1BD00F8ACCC /* Day01.swift in Sources */ = {isa = PBXBuildFile; fileRef = 16E25B802756A1BB00F8ACCC /* Day01.swift */; };
		16E25BAF2756A1BD00F8ACCC /* Day18.swift in Sources */ = {isa = PBXBuildFile; fileRef = 16E25B822756A1BB00F8ACCC /* Day18.swift */; };
		16E25BB02756A1BD00F8ACCC /* Day21.swift in Sources */ = {isa = PBXBuildFile; fileRef = 16E25B842756A1BB00F8ACCC /* Day21.swift */; };
		16E25BB12756A1BD00F8ACCC /* Day17.swift in Sources */ = {isa = PBXBuildFile; fileRef = 16E25B862756A1BC00F8ACCC /* Day17.swift */; };
		16E25BB22756A1BD00F8ACCC /* Day24.swift in Sources */ = {isa = PBXBuildFile; fileRef = 16E25B882756A1BC00F8ACCC /* Day24.swift */; };
		16E25BB32756A1BD00F8ACCC /* Day05.swift in Sources */ = {isa = PBXBuildFile; fileRef = 16E25B8A2756A1BC00F8ACCC /* Day05.swift */; };
		16E25BB42756A1BD00F8ACCC /* Day06.swift in Sources */ = {isa = PBXBuildFile; fileRef = 16E25B8C2756A1BC00F8ACCC /* Day06.swift */; };
		16E25BB52756A1BD00F8ACCC /* Day04.swift in Sources */ = {isa = PBXBuildFile; fileRef = 16E25B8E2756A1BC00F8ACCC /* Day04.swift */; };
		16E25BB62756A1BD00F8ACCC /* Day08.swift in Sources */ = {isa = PBXBuildFile; fileRef = 16E25B902756A1BC00F8ACCC /* Day08.swift */; };
		16E25BB72756A1BD00F8ACCC /* Day09.swift in Sources */ = {isa = PBXBuildFile; fileRef = 16E25B922756A1BC00F8ACCC /* Day09.swift */; };
		16E25BB82756A1BD00F8ACCC /* Day13.swift in Sources */ = {isa = PBXBuildFile; fileRef = 16E25B942756A1BC00F8ACCC /* Day13.swift */; };
		16E25BB92756A1BD00F8ACCC /* Day12.swift in Sources */ = {isa = PBXBuildFile; fileRef = 16E25B962756A1BC00F8ACCC /* Day12.swift */; };
		16E25BBA2756A1BD00F8ACCC /* Day02.swift in Sources */ = {isa = PBXBuildFile; fileRef = 16E25B982756A1BC00F8ACCC /* Day02.swift */; };
		16E25BBB2756A1BD00F8ACCC /* Day15.swift in Sources */ = {isa = PBXBuildFile; fileRef = 16E25B9A2756A1BC00F8ACCC /* Day15.swift */; };
		16E25BBC2756A1BD00F8ACCC /* Day14.swift in Sources */ = {isa = PBXBuildFile; fileRef = 16E25B9C2756A1BC00F8ACCC /* Day14.swift */; };
		16E25BBD2756A1BD00F8ACCC /* Day16.swift in Sources */ = {isa = PBXBuildFile; fileRef = 16E25B9E2756A1BC00F8ACCC /* Day16.swift */; };
		16E25BBE2756A1BD00F8ACCC /* Day07.swift in Sources */ = {isa = PBXBuildFile; fileRef = 16E25BA02756A1BC00F8ACCC /* Day07.swift */; };
		16E25BBF2756A1BD00F8ACCC /* Day19.swift in Sources */ = {isa = PBXBuildFile; fileRef = 16E25BA22756A1BD00F8ACCC /* Day19.swift */; };
		16E25BC02756A1BD00F8ACCC /* Day22.swift in Sources */ = {isa = PBXBuildFile; fileRef = 16E25BA42756A1BD00F8ACCC /* Day22.swift */; };
		16E25BC12756A1BD00F8ACCC /* Day10.swift in Sources */ = {isa = PBXBuildFile; fileRef = 16E25BA62756A1BD00F8ACCC /* Day10.swift */; };
		16E25BC22756A1BD00F8ACCC /* Day20.swift in Sources */ = {isa = PBXBuildFile; fileRef = 16E25BA82756A1BD00F8ACCC /* Day20.swift */; };
		16E25BC32756A1BD00F8ACCC /* Day23.swift in Sources */ = {isa = PBXBuildFile; fileRef = 16E25BAA2756A1BD00F8ACCC /* Day23.swift */; };
		16E25BC42756A1BD00F8ACCC /* Day11.swift in Sources */ = {isa = PBXBuildFile; fileRef = 16E25BAC2756A1BD00F8ACCC /* Day11.swift */; };
		16F3667425821940006831BF /* main.swift in Sources */ = {isa = PBXBuildFile; fileRef = 16F3667325821940006831BF /* main.swift */; };
		16F3668125821978006831BF /* Input.swift in Sources */ = {isa = PBXBuildFile; fileRef = 16A78E1925796F14009AE4E5 /* Input.swift */; };
		16F3668225821978006831BF /* util.swift in Sources */ = {isa = PBXBuildFile; fileRef = 167CBCA52577068D00E3D47B /* util.swift */; };
		16F3668325821978006831BF /* Year.swift in Sources */ = {isa = PBXBuildFile; fileRef = 167CBC96257705B400E3D47B /* Year.swift */; };
		16F3668425821978006831BF /* Day.swift in Sources */ = {isa = PBXBuildFile; fileRef = 167CBC99257705E600E3D47B /* Day.swift */; };
		16F3668A25821983006831BF /* Day01.swift in Sources */ = {isa = PBXBuildFile; fileRef = 16F3668925821983006831BF /* Day01.swift */; };
		16F3669125821AE6006831BF /* Day02.swift in Sources */ = {isa = PBXBuildFile; fileRef = 16F3669025821AE6006831BF /* Day02.swift */; };
		16F3669C2582F342006831BF /* Day11.swift in Sources */ = {isa = PBXBuildFile; fileRef = 16F3669B2582F342006831BF /* Day11.swift */; };
/* End PBXBuildFile section */

/* Begin PBXCopyFilesBuildPhase section */
		16594AB627569F2C00ED92B9 /* CopyFiles */ = {
			isa = PBXCopyFilesBuildPhase;
			buildActionMask = 2147483647;
			dstPath = /usr/share/man/man1/;
			dstSubfolderSpec = 0;
			files = (
			);
			runOnlyForDeploymentPostprocessing = 1;
		};
		165FD2CC2938599400061CF8 /* CopyFiles */ = {
			isa = PBXCopyFilesBuildPhase;
			buildActionMask = 2147483647;
			dstPath = /usr/share/man/man1/;
			dstSubfolderSpec = 0;
			files = (
			);
			runOnlyForDeploymentPostprocessing = 1;
		};
		167CBC89257705A600E3D47B /* CopyFiles */ = {
			isa = PBXCopyFilesBuildPhase;
			buildActionMask = 2147483647;
			dstPath = /usr/share/man/man1/;
			dstSubfolderSpec = 0;
			files = (
			);
			runOnlyForDeploymentPostprocessing = 1;
		};
		168D744D2CFC4D6F00D9D77E /* CopyFiles */ = {
			isa = PBXCopyFilesBuildPhase;
			buildActionMask = 2147483647;
			dstPath = /usr/share/man/man1/;
			dstSubfolderSpec = 0;
			files = (
			);
			runOnlyForDeploymentPostprocessing = 1;
		};
		16A78E9A257DE3A8009AE4E5 /* CopyFiles */ = {
			isa = PBXCopyFilesBuildPhase;
			buildActionMask = 2147483647;
			dstPath = /usr/share/man/man1/;
			dstSubfolderSpec = 0;
			files = (
			);
			runOnlyForDeploymentPostprocessing = 1;
		};
		16A78ECA257DE589009AE4E5 /* CopyFiles */ = {
			isa = PBXCopyFilesBuildPhase;
			buildActionMask = 2147483647;
			dstPath = /usr/share/man/man1/;
			dstSubfolderSpec = 0;
			files = (
			);
			runOnlyForDeploymentPostprocessing = 1;
		};
		16F3666F25821940006831BF /* CopyFiles */ = {
			isa = PBXCopyFilesBuildPhase;
			buildActionMask = 2147483647;
			dstPath = /usr/share/man/man1/;
			dstSubfolderSpec = 0;
			files = (
			);
			runOnlyForDeploymentPostprocessing = 1;
		};
/* End PBXCopyFilesBuildPhase section */

/* Begin PBXFileReference section */
		162929362581E97E00A697C3 /* Day10.swift */ = {isa = PBXFileReference; lastKnownFileType = sourcecode.swift; path = Day10.swift; sourceTree = "<group>"; };
		16594AB827569F2C00ED92B9 /* AOC2021 */ = {isa = PBXFileReference; explicitFileType = "compiled.mach-o.executable"; includeInIndex = 0; path = AOC2021; sourceTree = BUILT_PRODUCTS_DIR; };
		165FD2CE2938599400061CF8 /* AOC2022 */ = {isa = PBXFileReference; explicitFileType = "compiled.mach-o.executable"; includeInIndex = 0; path = AOC2022; sourceTree = BUILT_PRODUCTS_DIR; };
		165FD2D02938599400061CF8 /* main.swift */ = {isa = PBXFileReference; lastKnownFileType = sourcecode.swift; path = main.swift; sourceTree = "<group>"; };
		165FD2D6293859BC00061CF8 /* Day01.swift */ = {isa = PBXFileReference; lastKnownFileType = sourcecode.swift; path = Day01.swift; sourceTree = "<group>"; };
		165FD2E1293974CE00061CF8 /* input.txt */ = {isa = PBXFileReference; fileEncoding = 4; lastKnownFileType = text; path = input.txt; sourceTree = "<group>"; };
		165FD2E2293974CE00061CF8 /* Day02.swift */ = {isa = PBXFileReference; fileEncoding = 4; lastKnownFileType = sourcecode.swift; path = Day02.swift; sourceTree = "<group>"; };
		165FD2E4293974FD00061CF8 /* input.txt */ = {isa = PBXFileReference; lastKnownFileType = text; path = input.txt; sourceTree = "<group>"; };
		165FD33E293975DE00061CF8 /* input.txt */ = {isa = PBXFileReference; fileEncoding = 4; lastKnownFileType = text; path = input.txt; sourceTree = "<group>"; };
		165FD33F293975DE00061CF8 /* Day03.swift */ = {isa = PBXFileReference; fileEncoding = 4; lastKnownFileType = sourcecode.swift; path = Day03.swift; sourceTree = "<group>"; };
		165FD341293975DE00061CF8 /* input.txt */ = {isa = PBXFileReference; fileEncoding = 4; lastKnownFileType = text; path = input.txt; sourceTree = "<group>"; };
		165FD342293975DE00061CF8 /* Day08.swift */ = {isa = PBXFileReference; fileEncoding = 4; lastKnownFileType = sourcecode.swift; path = Day08.swift; sourceTree = "<group>"; };
		165FD344293975DE00061CF8 /* input.txt */ = {isa = PBXFileReference; fileEncoding = 4; lastKnownFileType = text; path = input.txt; sourceTree = "<group>"; };
		165FD345293975DE00061CF8 /* Day20.swift */ = {isa = PBXFileReference; fileEncoding = 4; lastKnownFileType = sourcecode.swift; path = Day20.swift; sourceTree = "<group>"; };
		165FD347293975DF00061CF8 /* input.txt */ = {isa = PBXFileReference; fileEncoding = 4; lastKnownFileType = text; path = input.txt; sourceTree = "<group>"; };
		165FD348293975DF00061CF8 /* Day19.swift */ = {isa = PBXFileReference; fileEncoding = 4; lastKnownFileType = sourcecode.swift; path = Day19.swift; sourceTree = "<group>"; };
		165FD34A293975DF00061CF8 /* input.txt */ = {isa = PBXFileReference; fileEncoding = 4; lastKnownFileType = text; path = input.txt; sourceTree = "<group>"; };
		165FD34B293975DF00061CF8 /* Day21.swift */ = {isa = PBXFileReference; fileEncoding = 4; lastKnownFileType = sourcecode.swift; path = Day21.swift; sourceTree = "<group>"; };
		165FD34D293975DF00061CF8 /* input.txt */ = {isa = PBXFileReference; fileEncoding = 4; lastKnownFileType = text; path = input.txt; sourceTree = "<group>"; };
		165FD34E293975DF00061CF8 /* Day18.swift */ = {isa = PBXFileReference; fileEncoding = 4; lastKnownFileType = sourcecode.swift; path = Day18.swift; sourceTree = "<group>"; };
		165FD350293975DF00061CF8 /* input.txt */ = {isa = PBXFileReference; fileEncoding = 4; lastKnownFileType = text; path = input.txt; sourceTree = "<group>"; };
		165FD351293975DF00061CF8 /* Day13.swift */ = {isa = PBXFileReference; fileEncoding = 4; lastKnownFileType = sourcecode.swift; path = Day13.swift; sourceTree = "<group>"; };
		165FD353293975DF00061CF8 /* input.txt */ = {isa = PBXFileReference; fileEncoding = 4; lastKnownFileType = text; path = input.txt; sourceTree = "<group>"; };
		165FD354293975DF00061CF8 /* Day10.swift */ = {isa = PBXFileReference; fileEncoding = 4; lastKnownFileType = sourcecode.swift; path = Day10.swift; sourceTree = "<group>"; };
		165FD356293975DF00061CF8 /* input.txt */ = {isa = PBXFileReference; fileEncoding = 4; lastKnownFileType = text; path = input.txt; sourceTree = "<group>"; };
		165FD357293975DF00061CF8 /* Day16.swift */ = {isa = PBXFileReference; fileEncoding = 4; lastKnownFileType = sourcecode.swift; path = Day16.swift; sourceTree = "<group>"; };
		165FD359293975DF00061CF8 /* input.txt */ = {isa = PBXFileReference; fileEncoding = 4; lastKnownFileType = text; path = input.txt; sourceTree = "<group>"; };
		165FD35A293975DF00061CF8 /* Day12.swift */ = {isa = PBXFileReference; fileEncoding = 4; lastKnownFileType = sourcecode.swift; path = Day12.swift; sourceTree = "<group>"; };
		165FD35C293975DF00061CF8 /* input.txt */ = {isa = PBXFileReference; fileEncoding = 4; lastKnownFileType = text; path = input.txt; sourceTree = "<group>"; };
		165FD35D293975DF00061CF8 /* Day06.swift */ = {isa = PBXFileReference; fileEncoding = 4; lastKnownFileType = sourcecode.swift; path = Day06.swift; sourceTree = "<group>"; };
		165FD35F293975DF00061CF8 /* input.txt */ = {isa = PBXFileReference; fileEncoding = 4; lastKnownFileType = text; path = input.txt; sourceTree = "<group>"; };
		165FD360293975DF00061CF8 /* Day05.swift */ = {isa = PBXFileReference; fileEncoding = 4; lastKnownFileType = sourcecode.swift; path = Day05.swift; sourceTree = "<group>"; };
		165FD362293975DF00061CF8 /* input.txt */ = {isa = PBXFileReference; fileEncoding = 4; lastKnownFileType = text; path = input.txt; sourceTree = "<group>"; };
		165FD363293975DF00061CF8 /* Day22.swift */ = {isa = PBXFileReference; fileEncoding = 4; lastKnownFileType = sourcecode.swift; path = Day22.swift; sourceTree = "<group>"; };
		165FD365293975DF00061CF8 /* input.txt */ = {isa = PBXFileReference; fileEncoding = 4; lastKnownFileType = text; path = input.txt; sourceTree = "<group>"; };
		165FD366293975DF00061CF8 /* Day04.swift */ = {isa = PBXFileReference; fileEncoding = 4; lastKnownFileType = sourcecode.swift; path = Day04.swift; sourceTree = "<group>"; };
		165FD368293975DF00061CF8 /* input.txt */ = {isa = PBXFileReference; fileEncoding = 4; lastKnownFileType = text; path = input.txt; sourceTree = "<group>"; };
		165FD369293975DF00061CF8 /* Day07.swift */ = {isa = PBXFileReference; fileEncoding = 4; lastKnownFileType = sourcecode.swift; path = Day07.swift; sourceTree = "<group>"; };
		165FD36B293975DF00061CF8 /* input.txt */ = {isa = PBXFileReference; fileEncoding = 4; lastKnownFileType = text; path = input.txt; sourceTree = "<group>"; };
		165FD36C293975DF00061CF8 /* Day23.swift */ = {isa = PBXFileReference; fileEncoding = 4; lastKnownFileType = sourcecode.swift; path = Day23.swift; sourceTree = "<group>"; };
		165FD36E293975DF00061CF8 /* input.txt */ = {isa = PBXFileReference; fileEncoding = 4; lastKnownFileType = text; path = input.txt; sourceTree = "<group>"; };
		165FD36F293975DF00061CF8 /* Day11.swift */ = {isa = PBXFileReference; fileEncoding = 4; lastKnownFileType = sourcecode.swift; path = Day11.swift; sourceTree = "<group>"; };
		165FD371293975DF00061CF8 /* input.txt */ = {isa = PBXFileReference; fileEncoding = 4; lastKnownFileType = text; path = input.txt; sourceTree = "<group>"; };
		165FD372293975DF00061CF8 /* Day24.swift */ = {isa = PBXFileReference; fileEncoding = 4; lastKnownFileType = sourcecode.swift; path = Day24.swift; sourceTree = "<group>"; };
		165FD374293975DF00061CF8 /* input.txt */ = {isa = PBXFileReference; fileEncoding = 4; lastKnownFileType = text; path = input.txt; sourceTree = "<group>"; };
		165FD375293975DF00061CF8 /* Day14.swift */ = {isa = PBXFileReference; fileEncoding = 4; lastKnownFileType = sourcecode.swift; path = Day14.swift; sourceTree = "<group>"; };
		165FD377293975DF00061CF8 /* input.txt */ = {isa = PBXFileReference; fileEncoding = 4; lastKnownFileType = text; path = input.txt; sourceTree = "<group>"; };
		165FD378293975DF00061CF8 /* Day17.swift */ = {isa = PBXFileReference; fileEncoding = 4; lastKnownFileType = sourcecode.swift; path = Day17.swift; sourceTree = "<group>"; };
		165FD37A293975DF00061CF8 /* input.txt */ = {isa = PBXFileReference; fileEncoding = 4; lastKnownFileType = text; path = input.txt; sourceTree = "<group>"; };
		165FD37B293975DF00061CF8 /* Day09.swift */ = {isa = PBXFileReference; fileEncoding = 4; lastKnownFileType = sourcecode.swift; path = Day09.swift; sourceTree = "<group>"; };
		165FD37D293975DF00061CF8 /* input.txt */ = {isa = PBXFileReference; fileEncoding = 4; lastKnownFileType = text; path = input.txt; sourceTree = "<group>"; };
		165FD37E293975DF00061CF8 /* Day15.swift */ = {isa = PBXFileReference; fileEncoding = 4; lastKnownFileType = sourcecode.swift; path = Day15.swift; sourceTree = "<group>"; };
		167B76CC2584485A0071F478 /* Day12.swift */ = {isa = PBXFileReference; lastKnownFileType = sourcecode.swift; path = Day12.swift; sourceTree = "<group>"; };
		167B76D725844A810071F478 /* Day03.swift */ = {isa = PBXFileReference; lastKnownFileType = sourcecode.swift; path = Day03.swift; sourceTree = "<group>"; };
		167CBC8B257705A600E3D47B /* AdventOfCode */ = {isa = PBXFileReference; explicitFileType = "compiled.mach-o.executable"; includeInIndex = 0; path = AdventOfCode; sourceTree = BUILT_PRODUCTS_DIR; };
		167CBC8E257705A600E3D47B /* main.swift */ = {isa = PBXFileReference; lastKnownFileType = sourcecode.swift; path = main.swift; sourceTree = "<group>"; };
		167CBC96257705B400E3D47B /* Year.swift */ = {isa = PBXFileReference; lastKnownFileType = sourcecode.swift; path = Year.swift; sourceTree = "<group>"; };
		167CBC99257705E600E3D47B /* Day.swift */ = {isa = PBXFileReference; lastKnownFileType = sourcecode.swift; path = Day.swift; sourceTree = "<group>"; };
		167CBC9D2577061500E3D47B /* Day01.swift */ = {isa = PBXFileReference; lastKnownFileType = sourcecode.swift; path = Day01.swift; sourceTree = "<group>"; };
		167CBCA52577068D00E3D47B /* util.swift */ = {isa = PBXFileReference; lastKnownFileType = sourcecode.swift; path = util.swift; sourceTree = "<group>"; };
		168621322586788E00D8472B /* Day13.swift */ = {isa = PBXFileReference; lastKnownFileType = sourcecode.swift; path = Day13.swift; sourceTree = "<group>"; };
		168D744F2CFC4D6F00D9D77E /* AOC2024 */ = {isa = PBXFileReference; explicitFileType = "compiled.mach-o.executable"; includeInIndex = 0; path = AOC2024; sourceTree = BUILT_PRODUCTS_DIR; };
		16A78E05257807F4009AE4E5 /* Day02.swift */ = {isa = PBXFileReference; lastKnownFileType = sourcecode.swift; path = Day02.swift; sourceTree = "<group>"; };
		16A78E10257899D3009AE4E5 /* Day03.swift */ = {isa = PBXFileReference; lastKnownFileType = sourcecode.swift; path = Day03.swift; sourceTree = "<group>"; };
		16A78E1525794A79009AE4E5 /* Day04.swift */ = {isa = PBXFileReference; lastKnownFileType = sourcecode.swift; path = Day04.swift; sourceTree = "<group>"; };
		16A78E1925796F14009AE4E5 /* Input.swift */ = {isa = PBXFileReference; lastKnownFileType = sourcecode.swift; path = Input.swift; sourceTree = "<group>"; };
		16A78E62257B5202009AE4E5 /* Day05.swift */ = {isa = PBXFileReference; lastKnownFileType = sourcecode.swift; path = Day05.swift; sourceTree = "<group>"; };
		16A78E67257C9CD9009AE4E5 /* Day06.swift */ = {isa = PBXFileReference; lastKnownFileType = sourcecode.swift; path = Day06.swift; sourceTree = "<group>"; };
		16A78E9C257DE3A8009AE4E5 /* AOC2020 */ = {isa = PBXFileReference; explicitFileType = "compiled.mach-o.executable"; includeInIndex = 0; path = AOC2020; sourceTree = BUILT_PRODUCTS_DIR; };
		16A78E9E257DE3A8009AE4E5 /* main.swift */ = {isa = PBXFileReference; lastKnownFileType = sourcecode.swift; path = main.swift; sourceTree = "<group>"; };
		16A78EBD257DE50B009AE4E5 /* Day07.swift */ = {isa = PBXFileReference; fileEncoding = 4; lastKnownFileType = sourcecode.swift; path = Day07.swift; sourceTree = "<group>"; };
		16A78EC2257DE55B009AE4E5 /* Day08.swift */ = {isa = PBXFileReference; lastKnownFileType = sourcecode.swift; path = Day08.swift; sourceTree = "<group>"; };
		16A78ECC257DE589009AE4E5 /* AOC2019 */ = {isa = PBXFileReference; explicitFileType = "compiled.mach-o.executable"; includeInIndex = 0; path = AOC2019; sourceTree = BUILT_PRODUCTS_DIR; };
		16A78ECE257DE589009AE4E5 /* main.swift */ = {isa = PBXFileReference; lastKnownFileType = sourcecode.swift; path = main.swift; sourceTree = "<group>"; };
		16A78EDD257DE79A009AE4E5 /* Day01.swift */ = {isa = PBXFileReference; lastKnownFileType = sourcecode.swift; path = Day01.swift; sourceTree = "<group>"; };
		16A78EF0257EB087009AE4E5 /* Day02.swift */ = {isa = PBXFileReference; lastKnownFileType = sourcecode.swift; path = Day02.swift; sourceTree = "<group>"; };
		16A78EFC257EC5A1009AE4E5 /* Day03.swift */ = {isa = PBXFileReference; lastKnownFileType = sourcecode.swift; path = Day03.swift; sourceTree = "<group>"; };
		16A78F05257F2335009AE4E5 /* Day04.swift */ = {isa = PBXFileReference; lastKnownFileType = sourcecode.swift; path = Day04.swift; sourceTree = "<group>"; };
		16A78F0E25806041009AE4E5 /* Day09.swift */ = {isa = PBXFileReference; lastKnownFileType = sourcecode.swift; path = Day09.swift; sourceTree = "<group>"; };
		16E25B752756A01E00F8ACCC /* main.swift */ = {isa = PBXFileReference; fileEncoding = 4; lastKnownFileType = sourcecode.swift; path = main.swift; sourceTree = "<group>"; };
		16E25B7E2756A1BB00F8ACCC /* Day03.swift */ = {isa = PBXFileReference; fileEncoding = 4; lastKnownFileType = sourcecode.swift; path = Day03.swift; sourceTree = "<group>"; };
		16E25B802756A1BB00F8ACCC /* Day01.swift */ = {isa = PBXFileReference; fileEncoding = 4; lastKnownFileType = sourcecode.swift; path = Day01.swift; sourceTree = "<group>"; };
		16E25B822756A1BB00F8ACCC /* Day18.swift */ = {isa = PBXFileReference; fileEncoding = 4; lastKnownFileType = sourcecode.swift; path = Day18.swift; sourceTree = "<group>"; };
		16E25B842756A1BB00F8ACCC /* Day21.swift */ = {isa = PBXFileReference; fileEncoding = 4; lastKnownFileType = sourcecode.swift; path = Day21.swift; sourceTree = "<group>"; };
		16E25B862756A1BC00F8ACCC /* Day17.swift */ = {isa = PBXFileReference; fileEncoding = 4; lastKnownFileType = sourcecode.swift; path = Day17.swift; sourceTree = "<group>"; };
		16E25B882756A1BC00F8ACCC /* Day24.swift */ = {isa = PBXFileReference; fileEncoding = 4; lastKnownFileType = sourcecode.swift; path = Day24.swift; sourceTree = "<group>"; };
		16E25B8A2756A1BC00F8ACCC /* Day05.swift */ = {isa = PBXFileReference; fileEncoding = 4; lastKnownFileType = sourcecode.swift; path = Day05.swift; sourceTree = "<group>"; };
		16E25B8C2756A1BC00F8ACCC /* Day06.swift */ = {isa = PBXFileReference; fileEncoding = 4; lastKnownFileType = sourcecode.swift; path = Day06.swift; sourceTree = "<group>"; };
		16E25B8E2756A1BC00F8ACCC /* Day04.swift */ = {isa = PBXFileReference; fileEncoding = 4; lastKnownFileType = sourcecode.swift; path = Day04.swift; sourceTree = "<group>"; };
		16E25B902756A1BC00F8ACCC /* Day08.swift */ = {isa = PBXFileReference; fileEncoding = 4; lastKnownFileType = sourcecode.swift; path = Day08.swift; sourceTree = "<group>"; };
		16E25B922756A1BC00F8ACCC /* Day09.swift */ = {isa = PBXFileReference; fileEncoding = 4; lastKnownFileType = sourcecode.swift; path = Day09.swift; sourceTree = "<group>"; };
		16E25B942756A1BC00F8ACCC /* Day13.swift */ = {isa = PBXFileReference; fileEncoding = 4; lastKnownFileType = sourcecode.swift; path = Day13.swift; sourceTree = "<group>"; };
		16E25B962756A1BC00F8ACCC /* Day12.swift */ = {isa = PBXFileReference; fileEncoding = 4; lastKnownFileType = sourcecode.swift; path = Day12.swift; sourceTree = "<group>"; };
		16E25B982756A1BC00F8ACCC /* Day02.swift */ = {isa = PBXFileReference; fileEncoding = 4; lastKnownFileType = sourcecode.swift; path = Day02.swift; sourceTree = "<group>"; };
		16E25B9A2756A1BC00F8ACCC /* Day15.swift */ = {isa = PBXFileReference; fileEncoding = 4; lastKnownFileType = sourcecode.swift; path = Day15.swift; sourceTree = "<group>"; };
		16E25B9C2756A1BC00F8ACCC /* Day14.swift */ = {isa = PBXFileReference; fileEncoding = 4; lastKnownFileType = sourcecode.swift; path = Day14.swift; sourceTree = "<group>"; };
		16E25B9E2756A1BC00F8ACCC /* Day16.swift */ = {isa = PBXFileReference; fileEncoding = 4; lastKnownFileType = sourcecode.swift; path = Day16.swift; sourceTree = "<group>"; };
		16E25BA02756A1BC00F8ACCC /* Day07.swift */ = {isa = PBXFileReference; fileEncoding = 4; lastKnownFileType = sourcecode.swift; path = Day07.swift; sourceTree = "<group>"; };
		16E25BA22756A1BD00F8ACCC /* Day19.swift */ = {isa = PBXFileReference; fileEncoding = 4; lastKnownFileType = sourcecode.swift; path = Day19.swift; sourceTree = "<group>"; };
		16E25BA42756A1BD00F8ACCC /* Day22.swift */ = {isa = PBXFileReference; fileEncoding = 4; lastKnownFileType = sourcecode.swift; path = Day22.swift; sourceTree = "<group>"; };
		16E25BA62756A1BD00F8ACCC /* Day10.swift */ = {isa = PBXFileReference; fileEncoding = 4; lastKnownFileType = sourcecode.swift; path = Day10.swift; sourceTree = "<group>"; };
		16E25BA82756A1BD00F8ACCC /* Day20.swift */ = {isa = PBXFileReference; fileEncoding = 4; lastKnownFileType = sourcecode.swift; path = Day20.swift; sourceTree = "<group>"; };
		16E25BAA2756A1BD00F8ACCC /* Day23.swift */ = {isa = PBXFileReference; fileEncoding = 4; lastKnownFileType = sourcecode.swift; path = Day23.swift; sourceTree = "<group>"; };
		16E25BAC2756A1BD00F8ACCC /* Day11.swift */ = {isa = PBXFileReference; fileEncoding = 4; lastKnownFileType = sourcecode.swift; path = Day11.swift; sourceTree = "<group>"; };
		16F3667125821940006831BF /* AOC2015 */ = {isa = PBXFileReference; explicitFileType = "compiled.mach-o.executable"; includeInIndex = 0; path = AOC2015; sourceTree = BUILT_PRODUCTS_DIR; };
		16F3667325821940006831BF /* main.swift */ = {isa = PBXFileReference; lastKnownFileType = sourcecode.swift; path = main.swift; sourceTree = "<group>"; };
		16F3668925821983006831BF /* Day01.swift */ = {isa = PBXFileReference; lastKnownFileType = sourcecode.swift; path = Day01.swift; sourceTree = "<group>"; };
		16F3669025821AE6006831BF /* Day02.swift */ = {isa = PBXFileReference; lastKnownFileType = sourcecode.swift; path = Day02.swift; sourceTree = "<group>"; };
		16F3669B2582F342006831BF /* Day11.swift */ = {isa = PBXFileReference; lastKnownFileType = sourcecode.swift; path = Day11.swift; sourceTree = "<group>"; };
/* End PBXFileReference section */

/* Begin PBXFileSystemSynchronizedRootGroup section */
		168D74502CFC4D6F00D9D77E /* AOC2024 */ = {isa = PBXFileSystemSynchronizedRootGroup; explicitFileTypes = {}; explicitFolders = (); path = AOC2024; sourceTree = "<group>"; };
/* End PBXFileSystemSynchronizedRootGroup section */

/* Begin PBXFrameworksBuildPhase section */
		16594AB527569F2C00ED92B9 /* Frameworks */ = {
			isa = PBXFrameworksBuildPhase;
			buildActionMask = 2147483647;
			files = (
			);
			runOnlyForDeploymentPostprocessing = 0;
		};
		165FD2CB2938599400061CF8 /* Frameworks */ = {
			isa = PBXFrameworksBuildPhase;
			buildActionMask = 2147483647;
			files = (
			);
			runOnlyForDeploymentPostprocessing = 0;
		};
		167CBC88257705A600E3D47B /* Frameworks */ = {
			isa = PBXFrameworksBuildPhase;
			buildActionMask = 2147483647;
			files = (
			);
			runOnlyForDeploymentPostprocessing = 0;
		};
		168D744C2CFC4D6F00D9D77E /* Frameworks */ = {
			isa = PBXFrameworksBuildPhase;
			buildActionMask = 2147483647;
			files = (
			);
			runOnlyForDeploymentPostprocessing = 0;
		};
		16A78E99257DE3A8009AE4E5 /* Frameworks */ = {
			isa = PBXFrameworksBuildPhase;
			buildActionMask = 2147483647;
			files = (
			);
			runOnlyForDeploymentPostprocessing = 0;
		};
		16A78EC9257DE589009AE4E5 /* Frameworks */ = {
			isa = PBXFrameworksBuildPhase;
			buildActionMask = 2147483647;
			files = (
			);
			runOnlyForDeploymentPostprocessing = 0;
		};
		16F3666E25821940006831BF /* Frameworks */ = {
			isa = PBXFrameworksBuildPhase;
			buildActionMask = 2147483647;
			files = (
			);
			runOnlyForDeploymentPostprocessing = 0;
		};
/* End PBXFrameworksBuildPhase section */

/* Begin PBXGroup section */
		162929352581E97400A697C3 /* Day10 */ = {
			isa = PBXGroup;
			children = (
				162929362581E97E00A697C3 /* Day10.swift */,
			);
			path = Day10;
			sourceTree = "<group>";
		};
		165FD2CF2938599400061CF8 /* AOC2022 */ = {
			isa = PBXGroup;
			children = (
				165FD2D52938599E00061CF8 /* Day01 */,
				165FD2E0293974CE00061CF8 /* Day02 */,
				165FD33D293975DE00061CF8 /* Day03 */,
				165FD364293975DF00061CF8 /* Day04 */,
				165FD35E293975DF00061CF8 /* Day05 */,
				165FD35B293975DF00061CF8 /* Day06 */,
				165FD367293975DF00061CF8 /* Day07 */,
				165FD340293975DE00061CF8 /* Day08 */,
				165FD379293975DF00061CF8 /* Day09 */,
				165FD352293975DF00061CF8 /* Day10 */,
				165FD36D293975DF00061CF8 /* Day11 */,
				165FD358293975DF00061CF8 /* Day12 */,
				165FD34F293975DF00061CF8 /* Day13 */,
				165FD373293975DF00061CF8 /* Day14 */,
				165FD37C293975DF00061CF8 /* Day15 */,
				165FD355293975DF00061CF8 /* Day16 */,
				165FD376293975DF00061CF8 /* Day17 */,
				165FD34C293975DF00061CF8 /* Day18 */,
				165FD346293975DE00061CF8 /* Day19 */,
				165FD343293975DE00061CF8 /* Day20 */,
				165FD349293975DF00061CF8 /* Day21 */,
				165FD361293975DF00061CF8 /* Day22 */,
				165FD36A293975DF00061CF8 /* Day23 */,
				165FD370293975DF00061CF8 /* Day24 */,
				165FD2D02938599400061CF8 /* main.swift */,
			);
			path = AOC2022;
			sourceTree = "<group>";
		};
		165FD2D52938599E00061CF8 /* Day01 */ = {
			isa = PBXGroup;
			children = (
				165FD2E4293974FD00061CF8 /* input.txt */,
				165FD2D6293859BC00061CF8 /* Day01.swift */,
			);
			path = Day01;
			sourceTree = "<group>";
		};
		165FD2E0293974CE00061CF8 /* Day02 */ = {
			isa = PBXGroup;
			children = (
				165FD2E1293974CE00061CF8 /* input.txt */,
				165FD2E2293974CE00061CF8 /* Day02.swift */,
			);
			path = Day02;
			sourceTree = "<group>";
		};
		165FD33D293975DE00061CF8 /* Day03 */ = {
			isa = PBXGroup;
			children = (
				165FD33E293975DE00061CF8 /* input.txt */,
				165FD33F293975DE00061CF8 /* Day03.swift */,
			);
			path = Day03;
			sourceTree = "<group>";
		};
		165FD340293975DE00061CF8 /* Day08 */ = {
			isa = PBXGroup;
			children = (
				165FD341293975DE00061CF8 /* input.txt */,
				165FD342293975DE00061CF8 /* Day08.swift */,
			);
			path = Day08;
			sourceTree = "<group>";
		};
		165FD343293975DE00061CF8 /* Day20 */ = {
			isa = PBXGroup;
			children = (
				165FD344293975DE00061CF8 /* input.txt */,
				165FD345293975DE00061CF8 /* Day20.swift */,
			);
			path = Day20;
			sourceTree = "<group>";
		};
		165FD346293975DE00061CF8 /* Day19 */ = {
			isa = PBXGroup;
			children = (
				165FD347293975DF00061CF8 /* input.txt */,
				165FD348293975DF00061CF8 /* Day19.swift */,
			);
			path = Day19;
			sourceTree = "<group>";
		};
		165FD349293975DF00061CF8 /* Day21 */ = {
			isa = PBXGroup;
			children = (
				165FD34A293975DF00061CF8 /* input.txt */,
				165FD34B293975DF00061CF8 /* Day21.swift */,
			);
			path = Day21;
			sourceTree = "<group>";
		};
		165FD34C293975DF00061CF8 /* Day18 */ = {
			isa = PBXGroup;
			children = (
				165FD34D293975DF00061CF8 /* input.txt */,
				165FD34E293975DF00061CF8 /* Day18.swift */,
			);
			path = Day18;
			sourceTree = "<group>";
		};
		165FD34F293975DF00061CF8 /* Day13 */ = {
			isa = PBXGroup;
			children = (
				165FD350293975DF00061CF8 /* input.txt */,
				165FD351293975DF00061CF8 /* Day13.swift */,
			);
			path = Day13;
			sourceTree = "<group>";
		};
		165FD352293975DF00061CF8 /* Day10 */ = {
			isa = PBXGroup;
			children = (
				165FD353293975DF00061CF8 /* input.txt */,
				165FD354293975DF00061CF8 /* Day10.swift */,
			);
			path = Day10;
			sourceTree = "<group>";
		};
		165FD355293975DF00061CF8 /* Day16 */ = {
			isa = PBXGroup;
			children = (
				165FD356293975DF00061CF8 /* input.txt */,
				165FD357293975DF00061CF8 /* Day16.swift */,
			);
			path = Day16;
			sourceTree = "<group>";
		};
		165FD358293975DF00061CF8 /* Day12 */ = {
			isa = PBXGroup;
			children = (
				165FD359293975DF00061CF8 /* input.txt */,
				165FD35A293975DF00061CF8 /* Day12.swift */,
			);
			path = Day12;
			sourceTree = "<group>";
		};
		165FD35B293975DF00061CF8 /* Day06 */ = {
			isa = PBXGroup;
			children = (
				165FD35C293975DF00061CF8 /* input.txt */,
				165FD35D293975DF00061CF8 /* Day06.swift */,
			);
			path = Day06;
			sourceTree = "<group>";
		};
		165FD35E293975DF00061CF8 /* Day05 */ = {
			isa = PBXGroup;
			children = (
				165FD35F293975DF00061CF8 /* input.txt */,
				165FD360293975DF00061CF8 /* Day05.swift */,
			);
			path = Day05;
			sourceTree = "<group>";
		};
		165FD361293975DF00061CF8 /* Day22 */ = {
			isa = PBXGroup;
			children = (
				165FD362293975DF00061CF8 /* input.txt */,
				165FD363293975DF00061CF8 /* Day22.swift */,
			);
			path = Day22;
			sourceTree = "<group>";
		};
		165FD364293975DF00061CF8 /* Day04 */ = {
			isa = PBXGroup;
			children = (
				165FD365293975DF00061CF8 /* input.txt */,
				165FD366293975DF00061CF8 /* Day04.swift */,
			);
			path = Day04;
			sourceTree = "<group>";
		};
		165FD367293975DF00061CF8 /* Day07 */ = {
			isa = PBXGroup;
			children = (
				165FD368293975DF00061CF8 /* input.txt */,
				165FD369293975DF00061CF8 /* Day07.swift */,
			);
			path = Day07;
			sourceTree = "<group>";
		};
		165FD36A293975DF00061CF8 /* Day23 */ = {
			isa = PBXGroup;
			children = (
				165FD36B293975DF00061CF8 /* input.txt */,
				165FD36C293975DF00061CF8 /* Day23.swift */,
			);
			path = Day23;
			sourceTree = "<group>";
		};
		165FD36D293975DF00061CF8 /* Day11 */ = {
			isa = PBXGroup;
			children = (
				165FD36E293975DF00061CF8 /* input.txt */,
				165FD36F293975DF00061CF8 /* Day11.swift */,
			);
			path = Day11;
			sourceTree = "<group>";
		};
		165FD370293975DF00061CF8 /* Day24 */ = {
			isa = PBXGroup;
			children = (
				165FD371293975DF00061CF8 /* input.txt */,
				165FD372293975DF00061CF8 /* Day24.swift */,
			);
			path = Day24;
			sourceTree = "<group>";
		};
		165FD373293975DF00061CF8 /* Day14 */ = {
			isa = PBXGroup;
			children = (
				165FD374293975DF00061CF8 /* input.txt */,
				165FD375293975DF00061CF8 /* Day14.swift */,
			);
			path = Day14;
			sourceTree = "<group>";
		};
		165FD376293975DF00061CF8 /* Day17 */ = {
			isa = PBXGroup;
			children = (
				165FD377293975DF00061CF8 /* input.txt */,
				165FD378293975DF00061CF8 /* Day17.swift */,
			);
			path = Day17;
			sourceTree = "<group>";
		};
		165FD379293975DF00061CF8 /* Day09 */ = {
			isa = PBXGroup;
			children = (
				165FD37A293975DF00061CF8 /* input.txt */,
				165FD37B293975DF00061CF8 /* Day09.swift */,
			);
			path = Day09;
			sourceTree = "<group>";
		};
		165FD37C293975DF00061CF8 /* Day15 */ = {
			isa = PBXGroup;
			children = (
				165FD37D293975DF00061CF8 /* input.txt */,
				165FD37E293975DF00061CF8 /* Day15.swift */,
			);
			path = Day15;
			sourceTree = "<group>";
		};
		167B76CB2584484F0071F478 /* Day12 */ = {
			isa = PBXGroup;
			children = (
				167B76CC2584485A0071F478 /* Day12.swift */,
			);
			path = Day12;
			sourceTree = "<group>";
		};
		167B76D625844A740071F478 /* Day03 */ = {
			isa = PBXGroup;
			children = (
				167B76D725844A810071F478 /* Day03.swift */,
			);
			path = Day03;
			sourceTree = "<group>";
		};
		167CBC82257705A600E3D47B = {
			isa = PBXGroup;
			children = (
				167CBC8D257705A600E3D47B /* AdventOfCode */,
				16F3667225821940006831BF /* AOC2015 */,
				16A78ECD257DE589009AE4E5 /* AOC2019 */,
				16A78E9D257DE3A8009AE4E5 /* AOC2020 */,
				16E25B742756A01E00F8ACCC /* AOC2021 */,
				165FD2CF2938599400061CF8 /* AOC2022 */,
				168D74502CFC4D6F00D9D77E /* AOC2024 */,
				167CBC8C257705A600E3D47B /* Products */,
			);
			sourceTree = "<group>";
		};
		167CBC8C257705A600E3D47B /* Products */ = {
			isa = PBXGroup;
			children = (
				167CBC8B257705A600E3D47B /* AdventOfCode */,
				16A78E9C257DE3A8009AE4E5 /* AOC2020 */,
				16A78ECC257DE589009AE4E5 /* AOC2019 */,
				16F3667125821940006831BF /* AOC2015 */,
				16594AB827569F2C00ED92B9 /* AOC2021 */,
				165FD2CE2938599400061CF8 /* AOC2022 */,
				168D744F2CFC4D6F00D9D77E /* AOC2024 */,
			);
			name = Products;
			sourceTree = "<group>";
		};
		167CBC8D257705A600E3D47B /* AdventOfCode */ = {
			isa = PBXGroup;
			children = (
				167CBCAA257706D800E3D47B /* Core */,
				167CBCA52577068D00E3D47B /* util.swift */,
				167CBC8E257705A600E3D47B /* main.swift */,
			);
			path = AdventOfCode;
			sourceTree = "<group>";
		};
		167CBCAA257706D800E3D47B /* Core */ = {
			isa = PBXGroup;
			children = (
				167CBC96257705B400E3D47B /* Year.swift */,
				167CBC99257705E600E3D47B /* Day.swift */,
				16A78E1925796F14009AE4E5 /* Input.swift */,
			);
			path = Core;
			sourceTree = "<group>";
		};
		167CBCAD25770C4900E3D47B /* Day01 */ = {
			isa = PBXGroup;
			children = (
				167CBC9D2577061500E3D47B /* Day01.swift */,
			);
			path = Day01;
			sourceTree = "<group>";
		};
		168621312586788200D8472B /* Day13 */ = {
			isa = PBXGroup;
			children = (
				168621322586788E00D8472B /* Day13.swift */,
			);
			path = Day13;
			sourceTree = "<group>";
		};
		16A78E04257807EB009AE4E5 /* Day02 */ = {
			isa = PBXGroup;
			children = (
				16A78E05257807F4009AE4E5 /* Day02.swift */,
			);
			path = Day02;
			sourceTree = "<group>";
		};
		16A78E0F257899C2009AE4E5 /* Day03 */ = {
			isa = PBXGroup;
			children = (
				16A78E10257899D3009AE4E5 /* Day03.swift */,
			);
			path = Day03;
			sourceTree = "<group>";
		};
		16A78E1425794A6D009AE4E5 /* Day04 */ = {
			isa = PBXGroup;
			children = (
				16A78E1525794A79009AE4E5 /* Day04.swift */,
			);
			path = Day04;
			sourceTree = "<group>";
		};
		16A78E61257B51DA009AE4E5 /* Day05 */ = {
			isa = PBXGroup;
			children = (
				16A78E62257B5202009AE4E5 /* Day05.swift */,
			);
			path = Day05;
			sourceTree = "<group>";
		};
		16A78E66257C9CC4009AE4E5 /* Day06 */ = {
			isa = PBXGroup;
			children = (
				16A78E67257C9CD9009AE4E5 /* Day06.swift */,
			);
			path = Day06;
			sourceTree = "<group>";
		};
		16A78E9D257DE3A8009AE4E5 /* AOC2020 */ = {
			isa = PBXGroup;
			children = (
				167CBCAD25770C4900E3D47B /* Day01 */,
				16A78E04257807EB009AE4E5 /* Day02 */,
				16A78E0F257899C2009AE4E5 /* Day03 */,
				16A78E1425794A6D009AE4E5 /* Day04 */,
				16A78E61257B51DA009AE4E5 /* Day05 */,
				16A78E66257C9CC4009AE4E5 /* Day06 */,
				16A78EBB257DE50B009AE4E5 /* Day07 */,
				16A78EC1257DE549009AE4E5 /* Day08 */,
				16A78F0D2580600B009AE4E5 /* Day09 */,
				162929352581E97400A697C3 /* Day10 */,
				16F3669A2582F33A006831BF /* Day11 */,
				167B76CB2584484F0071F478 /* Day12 */,
				168621312586788200D8472B /* Day13 */,
				16A78E9E257DE3A8009AE4E5 /* main.swift */,
			);
			path = AOC2020;
			sourceTree = "<group>";
		};
		16A78EBB257DE50B009AE4E5 /* Day07 */ = {
			isa = PBXGroup;
			children = (
				16A78EBD257DE50B009AE4E5 /* Day07.swift */,
			);
			path = Day07;
			sourceTree = "<group>";
		};
		16A78EC1257DE549009AE4E5 /* Day08 */ = {
			isa = PBXGroup;
			children = (
				16A78EC2257DE55B009AE4E5 /* Day08.swift */,
			);
			path = Day08;
			sourceTree = "<group>";
		};
		16A78ECD257DE589009AE4E5 /* AOC2019 */ = {
			isa = PBXGroup;
			children = (
				16A78F04257F2327009AE4E5 /* Day04 */,
				16A78EFB257EC594009AE4E5 /* Day03 */,
				16A78EDC257DE78E009AE4E5 /* Day01 */,
				16A78EEF257EB072009AE4E5 /* Day02 */,
				16A78ECE257DE589009AE4E5 /* main.swift */,
			);
			path = AOC2019;
			sourceTree = "<group>";
		};
		16A78EDC257DE78E009AE4E5 /* Day01 */ = {
			isa = PBXGroup;
			children = (
				16A78EDD257DE79A009AE4E5 /* Day01.swift */,
			);
			path = Day01;
			sourceTree = "<group>";
		};
		16A78EEF257EB072009AE4E5 /* Day02 */ = {
			isa = PBXGroup;
			children = (
				16A78EF0257EB087009AE4E5 /* Day02.swift */,
			);
			path = Day02;
			sourceTree = "<group>";
		};
		16A78EFB257EC594009AE4E5 /* Day03 */ = {
			isa = PBXGroup;
			children = (
				16A78EFC257EC5A1009AE4E5 /* Day03.swift */,
			);
			path = Day03;
			sourceTree = "<group>";
		};
		16A78F04257F2327009AE4E5 /* Day04 */ = {
			isa = PBXGroup;
			children = (
				16A78F05257F2335009AE4E5 /* Day04.swift */,
			);
			path = Day04;
			sourceTree = "<group>";
		};
		16A78F0D2580600B009AE4E5 /* Day09 */ = {
			isa = PBXGroup;
			children = (
				16A78F0E25806041009AE4E5 /* Day09.swift */,
			);
			path = Day09;
			sourceTree = "<group>";
		};
		16E25B742756A01E00F8ACCC /* AOC2021 */ = {
			isa = PBXGroup;
			children = (
				16E25B7F2756A1BB00F8ACCC /* Day01 */,
				16E25B972756A1BC00F8ACCC /* Day02 */,
				16E25B7D2756A1BB00F8ACCC /* Day03 */,
				16E25B8D2756A1BC00F8ACCC /* Day04 */,
				16E25B892756A1BC00F8ACCC /* Day05 */,
				16E25B8B2756A1BC00F8ACCC /* Day06 */,
				16E25B9F2756A1BC00F8ACCC /* Day07 */,
				16E25B8F2756A1BC00F8ACCC /* Day08 */,
				16E25B912756A1BC00F8ACCC /* Day09 */,
				16E25BA52756A1BD00F8ACCC /* Day10 */,
				16E25BAB2756A1BD00F8ACCC /* Day11 */,
				16E25B952756A1BC00F8ACCC /* Day12 */,
				16E25B932756A1BC00F8ACCC /* Day13 */,
				16E25B9B2756A1BC00F8ACCC /* Day14 */,
				16E25B992756A1BC00F8ACCC /* Day15 */,
				16E25B9D2756A1BC00F8ACCC /* Day16 */,
				16E25B852756A1BC00F8ACCC /* Day17 */,
				16E25B812756A1BB00F8ACCC /* Day18 */,
				16E25BA12756A1BD00F8ACCC /* Day19 */,
				16E25BA72756A1BD00F8ACCC /* Day20 */,
				16E25B832756A1BB00F8ACCC /* Day21 */,
				16E25BA32756A1BD00F8ACCC /* Day22 */,
				16E25BA92756A1BD00F8ACCC /* Day23 */,
				16E25B872756A1BC00F8ACCC /* Day24 */,
				16E25B752756A01E00F8ACCC /* main.swift */,
			);
			path = AOC2021;
			sourceTree = "<group>";
		};
		16E25B7D2756A1BB00F8ACCC /* Day03 */ = {
			isa = PBXGroup;
			children = (
				16E25B7E2756A1BB00F8ACCC /* Day03.swift */,
			);
			path = Day03;
			sourceTree = "<group>";
		};
		16E25B7F2756A1BB00F8ACCC /* Day01 */ = {
			isa = PBXGroup;
			children = (
				16E25B802756A1BB00F8ACCC /* Day01.swift */,
			);
			path = Day01;
			sourceTree = "<group>";
		};
		16E25B812756A1BB00F8ACCC /* Day18 */ = {
			isa = PBXGroup;
			children = (
				16E25B822756A1BB00F8ACCC /* Day18.swift */,
			);
			path = Day18;
			sourceTree = "<group>";
		};
		16E25B832756A1BB00F8ACCC /* Day21 */ = {
			isa = PBXGroup;
			children = (
				16E25B842756A1BB00F8ACCC /* Day21.swift */,
			);
			path = Day21;
			sourceTree = "<group>";
		};
		16E25B852756A1BC00F8ACCC /* Day17 */ = {
			isa = PBXGroup;
			children = (
				16E25B862756A1BC00F8ACCC /* Day17.swift */,
			);
			path = Day17;
			sourceTree = "<group>";
		};
		16E25B872756A1BC00F8ACCC /* Day24 */ = {
			isa = PBXGroup;
			children = (
				16E25B882756A1BC00F8ACCC /* Day24.swift */,
			);
			path = Day24;
			sourceTree = "<group>";
		};
		16E25B892756A1BC00F8ACCC /* Day05 */ = {
			isa = PBXGroup;
			children = (
				16E25B8A2756A1BC00F8ACCC /* Day05.swift */,
			);
			path = Day05;
			sourceTree = "<group>";
		};
		16E25B8B2756A1BC00F8ACCC /* Day06 */ = {
			isa = PBXGroup;
			children = (
				16E25B8C2756A1BC00F8ACCC /* Day06.swift */,
			);
			path = Day06;
			sourceTree = "<group>";
		};
		16E25B8D2756A1BC00F8ACCC /* Day04 */ = {
			isa = PBXGroup;
			children = (
				16E25B8E2756A1BC00F8ACCC /* Day04.swift */,
			);
			path = Day04;
			sourceTree = "<group>";
		};
		16E25B8F2756A1BC00F8ACCC /* Day08 */ = {
			isa = PBXGroup;
			children = (
				16E25B902756A1BC00F8ACCC /* Day08.swift */,
			);
			path = Day08;
			sourceTree = "<group>";
		};
		16E25B912756A1BC00F8ACCC /* Day09 */ = {
			isa = PBXGroup;
			children = (
				16E25B922756A1BC00F8ACCC /* Day09.swift */,
			);
			path = Day09;
			sourceTree = "<group>";
		};
		16E25B932756A1BC00F8ACCC /* Day13 */ = {
			isa = PBXGroup;
			children = (
				16E25B942756A1BC00F8ACCC /* Day13.swift */,
			);
			path = Day13;
			sourceTree = "<group>";
		};
		16E25B952756A1BC00F8ACCC /* Day12 */ = {
			isa = PBXGroup;
			children = (
				16E25B962756A1BC00F8ACCC /* Day12.swift */,
			);
			path = Day12;
			sourceTree = "<group>";
		};
		16E25B972756A1BC00F8ACCC /* Day02 */ = {
			isa = PBXGroup;
			children = (
				16E25B982756A1BC00F8ACCC /* Day02.swift */,
			);
			path = Day02;
			sourceTree = "<group>";
		};
		16E25B992756A1BC00F8ACCC /* Day15 */ = {
			isa = PBXGroup;
			children = (
				16E25B9A2756A1BC00F8ACCC /* Day15.swift */,
			);
			path = Day15;
			sourceTree = "<group>";
		};
		16E25B9B2756A1BC00F8ACCC /* Day14 */ = {
			isa = PBXGroup;
			children = (
				16E25B9C2756A1BC00F8ACCC /* Day14.swift */,
			);
			path = Day14;
			sourceTree = "<group>";
		};
		16E25B9D2756A1BC00F8ACCC /* Day16 */ = {
			isa = PBXGroup;
			children = (
				16E25B9E2756A1BC00F8ACCC /* Day16.swift */,
			);
			path = Day16;
			sourceTree = "<group>";
		};
		16E25B9F2756A1BC00F8ACCC /* Day07 */ = {
			isa = PBXGroup;
			children = (
				16E25BA02756A1BC00F8ACCC /* Day07.swift */,
			);
			path = Day07;
			sourceTree = "<group>";
		};
		16E25BA12756A1BD00F8ACCC /* Day19 */ = {
			isa = PBXGroup;
			children = (
				16E25BA22756A1BD00F8ACCC /* Day19.swift */,
			);
			path = Day19;
			sourceTree = "<group>";
		};
		16E25BA32756A1BD00F8ACCC /* Day22 */ = {
			isa = PBXGroup;
			children = (
				16E25BA42756A1BD00F8ACCC /* Day22.swift */,
			);
			path = Day22;
			sourceTree = "<group>";
		};
		16E25BA52756A1BD00F8ACCC /* Day10 */ = {
			isa = PBXGroup;
			children = (
				16E25BA62756A1BD00F8ACCC /* Day10.swift */,
			);
			path = Day10;
			sourceTree = "<group>";
		};
		16E25BA72756A1BD00F8ACCC /* Day20 */ = {
			isa = PBXGroup;
			children = (
				16E25BA82756A1BD00F8ACCC /* Day20.swift */,
			);
			path = Day20;
			sourceTree = "<group>";
		};
		16E25BA92756A1BD00F8ACCC /* Day23 */ = {
			isa = PBXGroup;
			children = (
				16E25BAA2756A1BD00F8ACCC /* Day23.swift */,
			);
			path = Day23;
			sourceTree = "<group>";
		};
		16E25BAB2756A1BD00F8ACCC /* Day11 */ = {
			isa = PBXGroup;
			children = (
				16E25BAC2756A1BD00F8ACCC /* Day11.swift */,
			);
			path = Day11;
			sourceTree = "<group>";
		};
		16F3667225821940006831BF /* AOC2015 */ = {
			isa = PBXGroup;
			children = (
				167B76D625844A740071F478 /* Day03 */,
				16F3668F25821ADC006831BF /* Day02 */,
				16F3667C2582194C006831BF /* Day01 */,
				16F3667325821940006831BF /* main.swift */,
			);
			path = AOC2015;
			sourceTree = "<group>";
		};
		16F3667C2582194C006831BF /* Day01 */ = {
			isa = PBXGroup;
			children = (
				16F3668925821983006831BF /* Day01.swift */,
			);
			path = Day01;
			sourceTree = "<group>";
		};
		16F3668F25821ADC006831BF /* Day02 */ = {
			isa = PBXGroup;
			children = (
				16F3669025821AE6006831BF /* Day02.swift */,
			);
			path = Day02;
			sourceTree = "<group>";
		};
		16F3669A2582F33A006831BF /* Day11 */ = {
			isa = PBXGroup;
			children = (
				16F3669B2582F342006831BF /* Day11.swift */,
			);
			path = Day11;
			sourceTree = "<group>";
		};
/* End PBXGroup section */

/* Begin PBXNativeTarget section */
		16594AB727569F2C00ED92B9 /* AOC2021 */ = {
			isa = PBXNativeTarget;
			buildConfigurationList = 16594ABC27569F2C00ED92B9 /* Build configuration list for PBXNativeTarget "AOC2021" */;
			buildPhases = (
				16594AB427569F2C00ED92B9 /* Sources */,
				16594AB527569F2C00ED92B9 /* Frameworks */,
				16594AB627569F2C00ED92B9 /* CopyFiles */,
			);
			buildRules = (
			);
			dependencies = (
			);
			name = AOC2021;
			productName = AOC2021;
			productReference = 16594AB827569F2C00ED92B9 /* AOC2021 */;
			productType = "com.apple.product-type.tool";
		};
		165FD2CD2938599400061CF8 /* AOC2022 */ = {
			isa = PBXNativeTarget;
			buildConfigurationList = 165FD2D42938599400061CF8 /* Build configuration list for PBXNativeTarget "AOC2022" */;
			buildPhases = (
				165FD2CA2938599400061CF8 /* Sources */,
				165FD2CB2938599400061CF8 /* Frameworks */,
				165FD2CC2938599400061CF8 /* CopyFiles */,
			);
			buildRules = (
			);
			dependencies = (
			);
			name = AOC2022;
			productName = AOC2022;
			productReference = 165FD2CE2938599400061CF8 /* AOC2022 */;
			productType = "com.apple.product-type.tool";
		};
		167CBC8A257705A600E3D47B /* AdventOfCode */ = {
			isa = PBXNativeTarget;
			buildConfigurationList = 167CBC92257705A600E3D47B /* Build configuration list for PBXNativeTarget "AdventOfCode" */;
			buildPhases = (
				167CBC87257705A600E3D47B /* Sources */,
				167CBC88257705A600E3D47B /* Frameworks */,
				167CBC89257705A600E3D47B /* CopyFiles */,
			);
			buildRules = (
			);
			dependencies = (
			);
			name = AdventOfCode;
			packageProductDependencies = (
			);
			productName = AdventOfCode;
			productReference = 167CBC8B257705A600E3D47B /* AdventOfCode */;
			productType = "com.apple.product-type.tool";
		};
		168D744E2CFC4D6F00D9D77E /* AOC2024 */ = {
			isa = PBXNativeTarget;
			buildConfigurationList = 168D74532CFC4D6F00D9D77E /* Build configuration list for PBXNativeTarget "AOC2024" */;
			buildPhases = (
				168D744B2CFC4D6F00D9D77E /* Sources */,
				168D744C2CFC4D6F00D9D77E /* Frameworks */,
				168D744D2CFC4D6F00D9D77E /* CopyFiles */,
			);
			buildRules = (
			);
			dependencies = (
			);
			fileSystemSynchronizedGroups = (
				168D74502CFC4D6F00D9D77E /* AOC2024 */,
			);
			name = AOC2024;
			packageProductDependencies = (
			);
			productName = AOC2024;
			productReference = 168D744F2CFC4D6F00D9D77E /* AOC2024 */;
			productType = "com.apple.product-type.tool";
		};
		16A78E9B257DE3A8009AE4E5 /* AOC2020 */ = {
			isa = PBXNativeTarget;
			buildConfigurationList = 16A78EA0257DE3A8009AE4E5 /* Build configuration list for PBXNativeTarget "AOC2020" */;
			buildPhases = (
				16A78E98257DE3A8009AE4E5 /* Sources */,
				16A78E99257DE3A8009AE4E5 /* Frameworks */,
				16A78E9A257DE3A8009AE4E5 /* CopyFiles */,
			);
			buildRules = (
			);
			dependencies = (
			);
			name = AOC2020;
			productName = AOC2020;
			productReference = 16A78E9C257DE3A8009AE4E5 /* AOC2020 */;
			productType = "com.apple.product-type.tool";
		};
		16A78ECB257DE589009AE4E5 /* AOC2019 */ = {
			isa = PBXNativeTarget;
			buildConfigurationList = 16A78ED0257DE589009AE4E5 /* Build configuration list for PBXNativeTarget "AOC2019" */;
			buildPhases = (
				16A78EC8257DE589009AE4E5 /* Sources */,
				16A78EC9257DE589009AE4E5 /* Frameworks */,
				16A78ECA257DE589009AE4E5 /* CopyFiles */,
			);
			buildRules = (
			);
			dependencies = (
			);
			name = AOC2019;
			productName = AOC2019;
			productReference = 16A78ECC257DE589009AE4E5 /* AOC2019 */;
			productType = "com.apple.product-type.tool";
		};
		16F3667025821940006831BF /* AOC2015 */ = {
			isa = PBXNativeTarget;
			buildConfigurationList = 16F3667725821940006831BF /* Build configuration list for PBXNativeTarget "AOC2015" */;
			buildPhases = (
				16F3666D25821940006831BF /* Sources */,
				16F3666E25821940006831BF /* Frameworks */,
				16F3666F25821940006831BF /* CopyFiles */,
			);
			buildRules = (
			);
			dependencies = (
			);
			name = AOC2015;
			productName = AOC2015;
			productReference = 16F3667125821940006831BF /* AOC2015 */;
			productType = "com.apple.product-type.tool";
		};
/* End PBXNativeTarget section */

/* Begin PBXProject section */
		167CBC83257705A600E3D47B /* Project object */ = {
			isa = PBXProject;
			attributes = {
				LastSwiftUpdateCheck = 1600;
				LastUpgradeCheck = 1410;
				TargetAttributes = {
					16594AB727569F2C00ED92B9 = {
						CreatedOnToolsVersion = 13.0;
					};
					165FD2CD2938599400061CF8 = {
						CreatedOnToolsVersion = 14.1;
					};
					167CBC8A257705A600E3D47B = {
						CreatedOnToolsVersion = 12.2;
					};
					168D744E2CFC4D6F00D9D77E = {
						CreatedOnToolsVersion = 16.0;
					};
					16A78E9B257DE3A8009AE4E5 = {
						CreatedOnToolsVersion = 12.2;
					};
					16A78ECB257DE589009AE4E5 = {
						CreatedOnToolsVersion = 12.2;
					};
					16F3667025821940006831BF = {
						CreatedOnToolsVersion = 12.2;
					};
				};
			};
			buildConfigurationList = 167CBC86257705A600E3D47B /* Build configuration list for PBXProject "AdventOfCode" */;
			compatibilityVersion = "Xcode 9.3";
			developmentRegion = en;
			hasScannedForEncodings = 0;
			knownRegions = (
				en,
				Base,
			);
			mainGroup = 167CBC82257705A600E3D47B;
			packageReferences = (
			);
			productRefGroup = 167CBC8C257705A600E3D47B /* Products */;
			projectDirPath = "";
			projectRoot = "";
			targets = (
				167CBC8A257705A600E3D47B /* AdventOfCode */,
				16A78ECB257DE589009AE4E5 /* AOC2019 */,
				16A78E9B257DE3A8009AE4E5 /* AOC2020 */,
				16F3667025821940006831BF /* AOC2015 */,
				16594AB727569F2C00ED92B9 /* AOC2021 */,
				165FD2CD2938599400061CF8 /* AOC2022 */,
				168D744E2CFC4D6F00D9D77E /* AOC2024 */,
			);
		};
/* End PBXProject section */

/* Begin PBXSourcesBuildPhase section */
		16594AB427569F2C00ED92B9 /* Sources */ = {
			isa = PBXSourcesBuildPhase;
			buildActionMask = 2147483647;
			files = (
				16E25BB82756A1BD00F8ACCC /* Day13.swift in Sources */,
				16E25BC42756A1BD00F8ACCC /* Day11.swift in Sources */,
				16E25BBB2756A1BD00F8ACCC /* Day15.swift in Sources */,
				16E25B782756A02C00F8ACCC /* Year.swift in Sources */,
				16E25BB12756A1BD00F8ACCC /* Day17.swift in Sources */,
				16E25BB22756A1BD00F8ACCC /* Day24.swift in Sources */,
				16E25BC12756A1BD00F8ACCC /* Day10.swift in Sources */,
				16E25BBF2756A1BD00F8ACCC /* Day19.swift in Sources */,
				16E25BB52756A1BD00F8ACCC /* Day04.swift in Sources */,
				16E25BC22756A1BD00F8ACCC /* Day20.swift in Sources */,
				16E25B7B2756A02C00F8ACCC /* Day.swift in Sources */,
				16E25BB72756A1BD00F8ACCC /* Day09.swift in Sources */,
				16E25B792756A02C00F8ACCC /* Input.swift in Sources */,
				16E25BB42756A1BD00F8ACCC /* Day06.swift in Sources */,
				16E25BB32756A1BD00F8ACCC /* Day05.swift in Sources */,
				16E25BAE2756A1BD00F8ACCC /* Day01.swift in Sources */,
				16E25B7A2756A02C00F8ACCC /* util.swift in Sources */,
				16E25BBD2756A1BD00F8ACCC /* Day16.swift in Sources */,
				16E25BC32756A1BD00F8ACCC /* Day23.swift in Sources */,
				16E25BAF2756A1BD00F8ACCC /* Day18.swift in Sources */,
				16E25BB62756A1BD00F8ACCC /* Day08.swift in Sources */,
				16E25BBA2756A1BD00F8ACCC /* Day02.swift in Sources */,
				16E25B762756A01E00F8ACCC /* main.swift in Sources */,
				16E25BBC2756A1BD00F8ACCC /* Day14.swift in Sources */,
				16E25BAD2756A1BD00F8ACCC /* Day03.swift in Sources */,
				16E25BC02756A1BD00F8ACCC /* Day22.swift in Sources */,
				16E25BB02756A1BD00F8ACCC /* Day21.swift in Sources */,
				16E25BB92756A1BD00F8ACCC /* Day12.swift in Sources */,
				16E25BBE2756A1BD00F8ACCC /* Day07.swift in Sources */,
			);
			runOnlyForDeploymentPostprocessing = 0;
		};
		165FD2CA2938599400061CF8 /* Sources */ = {
			isa = PBXSourcesBuildPhase;
			buildActionMask = 2147483647;
			files = (
				165FD391293975DF00061CF8 /* Day14.swift in Sources */,
				165FD38A293975DF00061CF8 /* Day05.swift in Sources */,
				165FD384293975DF00061CF8 /* Day18.swift in Sources */,
				165FD38B293975DF00061CF8 /* Day22.swift in Sources */,
				165FD38E293975DF00061CF8 /* Day23.swift in Sources */,
				165FD392293975DF00061CF8 /* Day17.swift in Sources */,
				165FD2DF29385A3A00061CF8 /* Input.swift in Sources */,
				165FD386293975DF00061CF8 /* Day10.swift in Sources */,
				165FD2E3293974CF00061CF8 /* Day02.swift in Sources */,
				165FD383293975DF00061CF8 /* Day21.swift in Sources */,
				165FD381293975DF00061CF8 /* Day20.swift in Sources */,
				165FD38C293975DF00061CF8 /* Day04.swift in Sources */,
				165FD387293975DF00061CF8 /* Day16.swift in Sources */,
				165FD382293975DF00061CF8 /* Day19.swift in Sources */,
				165FD2D12938599400061CF8 /* main.swift in Sources */,
				165FD2DC29385A3A00061CF8 /* Year.swift in Sources */,
				165FD38F293975DF00061CF8 /* Day11.swift in Sources */,
				165FD385293975DF00061CF8 /* Day13.swift in Sources */,
				165FD394293975DF00061CF8 /* Day15.swift in Sources */,
				165FD38D293975DF00061CF8 /* Day07.swift in Sources */,
				165FD2D7293859BC00061CF8 /* Day01.swift in Sources */,
				165FD380293975DF00061CF8 /* Day08.swift in Sources */,
				165FD2DE29385A3A00061CF8 /* Day.swift in Sources */,
				165FD393293975DF00061CF8 /* Day09.swift in Sources */,
				165FD389293975DF00061CF8 /* Day06.swift in Sources */,
				165FD37F293975DF00061CF8 /* Day03.swift in Sources */,
				165FD390293975DF00061CF8 /* Day24.swift in Sources */,
				165FD388293975DF00061CF8 /* Day12.swift in Sources */,
				165FD2DD29385A3A00061CF8 /* util.swift in Sources */,
			);
			runOnlyForDeploymentPostprocessing = 0;
		};
		167CBC87257705A600E3D47B /* Sources */ = {
			isa = PBXSourcesBuildPhase;
			buildActionMask = 2147483647;
			files = (
				16A78E1A25796F14009AE4E5 /* Input.swift in Sources */,
				167CBC97257705B400E3D47B /* Year.swift in Sources */,
				167CBCA62577068D00E3D47B /* util.swift in Sources */,
				167CBC8F257705A600E3D47B /* main.swift in Sources */,
				167CBC9A257705E600E3D47B /* Day.swift in Sources */,
			);
			runOnlyForDeploymentPostprocessing = 0;
		};
		168D744B2CFC4D6F00D9D77E /* Sources */ = {
			isa = PBXSourcesBuildPhase;
			buildActionMask = 2147483647;
			files = (
				168D74BC2CFC4DE900D9D77E /* util.swift in Sources */,
				168D74B92CFC4DE200D9D77E /* Year.swift in Sources */,
				168D74BA2CFC4DE200D9D77E /* Day.swift in Sources */,
				168D74BB2CFC4DE200D9D77E /* Input.swift in Sources */,
			);
			runOnlyForDeploymentPostprocessing = 0;
		};
		16A78E98257DE3A8009AE4E5 /* Sources */ = {
			isa = PBXSourcesBuildPhase;
			buildActionMask = 2147483647;
			files = (
				16A78EA5257DE40F009AE4E5 /* Year.swift in Sources */,
				16A78F0F25806042009AE4E5 /* Day09.swift in Sources */,
				168621332586788E00D8472B /* Day13.swift in Sources */,
				16A78E9F257DE3A8009AE4E5 /* main.swift in Sources */,
				16A78EB3257DE46B009AE4E5 /* Day06.swift in Sources */,
				16A78EB5257DE46B009AE4E5 /* Day03.swift in Sources */,
				162929372581E97E00A697C3 /* Day10.swift in Sources */,
				16F3669C2582F342006831BF /* Day11.swift in Sources */,
				167B76CD2584485A0071F478 /* Day12.swift in Sources */,
				16A78EA7257DE40F009AE4E5 /* Input.swift in Sources */,
				16A78EB8257DE480009AE4E5 /* util.swift in Sources */,
				16A78EB2257DE46B009AE4E5 /* Day01.swift in Sources */,
				16A78EB4257DE46B009AE4E5 /* Day02.swift in Sources */,
				16A78EA6257DE40F009AE4E5 /* Day.swift in Sources */,
				16A78EC3257DE55B009AE4E5 /* Day08.swift in Sources */,
				16A78EB0257DE46B009AE4E5 /* Day04.swift in Sources */,
				16A78EB1257DE46B009AE4E5 /* Day05.swift in Sources */,
				16A78EBE257DE50B009AE4E5 /* Day07.swift in Sources */,
			);
			runOnlyForDeploymentPostprocessing = 0;
		};
		16A78EC8257DE589009AE4E5 /* Sources */ = {
			isa = PBXSourcesBuildPhase;
			buildActionMask = 2147483647;
			files = (
				16A78EE7257DE820009AE4E5 /* Input.swift in Sources */,
				16A78EF1257EB087009AE4E5 /* Day02.swift in Sources */,
				16A78ECF257DE589009AE4E5 /* main.swift in Sources */,
				16A78EE5257DE820009AE4E5 /* Year.swift in Sources */,
				16A78EEB257DE823009AE4E5 /* util.swift in Sources */,
				16A78EE6257DE820009AE4E5 /* Day.swift in Sources */,
				16A78EDE257DE79A009AE4E5 /* Day01.swift in Sources */,
				16A78EFD257EC5A1009AE4E5 /* Day03.swift in Sources */,
				16A78F06257F2335009AE4E5 /* Day04.swift in Sources */,
			);
			runOnlyForDeploymentPostprocessing = 0;
		};
		16F3666D25821940006831BF /* Sources */ = {
			isa = PBXSourcesBuildPhase;
			buildActionMask = 2147483647;
			files = (
				16F3668225821978006831BF /* util.swift in Sources */,
				16F3669125821AE6006831BF /* Day02.swift in Sources */,
				16F3668125821978006831BF /* Input.swift in Sources */,
				16F3668325821978006831BF /* Year.swift in Sources */,
				16F3668425821978006831BF /* Day.swift in Sources */,
				16F3667425821940006831BF /* main.swift in Sources */,
				16F3668A25821983006831BF /* Day01.swift in Sources */,
				167B76D825844A810071F478 /* Day03.swift in Sources */,
			);
			runOnlyForDeploymentPostprocessing = 0;
		};
/* End PBXSourcesBuildPhase section */

/* Begin XCBuildConfiguration section */
		16594ABD27569F2C00ED92B9 /* Debug */ = {
			isa = XCBuildConfiguration;
			buildSettings = {
				CLANG_CXX_LANGUAGE_STANDARD = "gnu++17";
				CODE_SIGN_IDENTITY = "-";
				CODE_SIGN_STYLE = Automatic;
				DEAD_CODE_STRIPPING = YES;
				DEVELOPMENT_TEAM = QSQ77F4UQP;
				ENABLE_HARDENED_RUNTIME = YES;
				MACOSX_DEPLOYMENT_TARGET = 11.3;
				PRODUCT_NAME = "$(TARGET_NAME)";
				SWIFT_VERSION = 5.0;
			};
			name = Debug;
		};
		16594ABE27569F2C00ED92B9 /* Release */ = {
			isa = XCBuildConfiguration;
			buildSettings = {
				CLANG_CXX_LANGUAGE_STANDARD = "gnu++17";
				CODE_SIGN_IDENTITY = "-";
				CODE_SIGN_STYLE = Automatic;
				DEAD_CODE_STRIPPING = YES;
				DEVELOPMENT_TEAM = QSQ77F4UQP;
				ENABLE_HARDENED_RUNTIME = YES;
				MACOSX_DEPLOYMENT_TARGET = 11.3;
				PRODUCT_NAME = "$(TARGET_NAME)";
				SWIFT_VERSION = 5.0;
			};
			name = Release;
		};
		165FD2D22938599400061CF8 /* Debug */ = {
			isa = XCBuildConfiguration;
			buildSettings = {
				CLANG_CXX_LANGUAGE_STANDARD = "gnu++20";
				CODE_SIGN_IDENTITY = "-";
				CODE_SIGN_STYLE = Automatic;
				DEAD_CODE_STRIPPING = YES;
				DEVELOPMENT_TEAM = QSQ77F4UQP;
				ENABLE_HARDENED_RUNTIME = YES;
				MACOSX_DEPLOYMENT_TARGET = 12.4;
				PRODUCT_NAME = "$(TARGET_NAME)";
				SWIFT_VERSION = 5.0;
			};
			name = Debug;
		};
		165FD2D32938599400061CF8 /* Release */ = {
			isa = XCBuildConfiguration;
			buildSettings = {
				CLANG_CXX_LANGUAGE_STANDARD = "gnu++20";
				CODE_SIGN_IDENTITY = "-";
				CODE_SIGN_STYLE = Automatic;
				DEAD_CODE_STRIPPING = YES;
				DEVELOPMENT_TEAM = QSQ77F4UQP;
				ENABLE_HARDENED_RUNTIME = YES;
				MACOSX_DEPLOYMENT_TARGET = 12.4;
				PRODUCT_NAME = "$(TARGET_NAME)";
				SWIFT_VERSION = 5.0;
			};
			name = Release;
		};
		167CBC90257705A600E3D47B /* Debug */ = {
			isa = XCBuildConfiguration;
			buildSettings = {
				ALWAYS_SEARCH_USER_PATHS = NO;
				CLANG_ANALYZER_NONNULL = YES;
				CLANG_ANALYZER_NUMBER_OBJECT_CONVERSION = YES_AGGRESSIVE;
				CLANG_CXX_LANGUAGE_STANDARD = "gnu++14";
				CLANG_CXX_LIBRARY = "libc++";
				CLANG_ENABLE_MODULES = YES;
				CLANG_ENABLE_OBJC_ARC = YES;
				CLANG_ENABLE_OBJC_WEAK = YES;
				CLANG_WARN_BLOCK_CAPTURE_AUTORELEASING = YES;
				CLANG_WARN_BOOL_CONVERSION = YES;
				CLANG_WARN_COMMA = YES;
				CLANG_WARN_CONSTANT_CONVERSION = YES;
				CLANG_WARN_DEPRECATED_OBJC_IMPLEMENTATIONS = YES;
				CLANG_WARN_DIRECT_OBJC_ISA_USAGE = YES_ERROR;
				CLANG_WARN_DOCUMENTATION_COMMENTS = YES;
				CLANG_WARN_EMPTY_BODY = YES;
				CLANG_WARN_ENUM_CONVERSION = YES;
				CLANG_WARN_INFINITE_RECURSION = YES;
				CLANG_WARN_INT_CONVERSION = YES;
				CLANG_WARN_NON_LITERAL_NULL_CONVERSION = YES;
				CLANG_WARN_OBJC_IMPLICIT_RETAIN_SELF = YES;
				CLANG_WARN_OBJC_LITERAL_CONVERSION = YES;
				CLANG_WARN_OBJC_ROOT_CLASS = YES_ERROR;
				CLANG_WARN_QUOTED_INCLUDE_IN_FRAMEWORK_HEADER = YES;
				CLANG_WARN_RANGE_LOOP_ANALYSIS = YES;
				CLANG_WARN_STRICT_PROTOTYPES = YES;
				CLANG_WARN_SUSPICIOUS_MOVE = YES;
				CLANG_WARN_UNGUARDED_AVAILABILITY = YES_AGGRESSIVE;
				CLANG_WARN_UNREACHABLE_CODE = YES;
				CLANG_WARN__DUPLICATE_METHOD_MATCH = YES;
				COPY_PHASE_STRIP = NO;
				DEAD_CODE_STRIPPING = YES;
				DEBUG_INFORMATION_FORMAT = dwarf;
				ENABLE_STRICT_OBJC_MSGSEND = YES;
				ENABLE_TESTABILITY = YES;
				GCC_C_LANGUAGE_STANDARD = gnu11;
				GCC_DYNAMIC_NO_PIC = NO;
				GCC_NO_COMMON_BLOCKS = YES;
				GCC_OPTIMIZATION_LEVEL = 0;
				GCC_PREPROCESSOR_DEFINITIONS = (
					"DEBUG=1",
					"$(inherited)",
				);
				GCC_WARN_64_TO_32_BIT_CONVERSION = YES;
				GCC_WARN_ABOUT_RETURN_TYPE = YES_ERROR;
				GCC_WARN_UNDECLARED_SELECTOR = YES;
				GCC_WARN_UNINITIALIZED_AUTOS = YES_AGGRESSIVE;
				GCC_WARN_UNUSED_FUNCTION = YES;
				GCC_WARN_UNUSED_VARIABLE = YES;
				MACOSX_DEPLOYMENT_TARGET = 12.4;
				MTL_ENABLE_DEBUG_INFO = INCLUDE_SOURCE;
				MTL_FAST_MATH = YES;
				ONLY_ACTIVE_ARCH = YES;
				SDKROOT = macosx;
				SWIFT_ACTIVE_COMPILATION_CONDITIONS = DEBUG;
				SWIFT_OPTIMIZATION_LEVEL = "-Onone";
			};
			name = Debug;
		};
		167CBC91257705A600E3D47B /* Release */ = {
			isa = XCBuildConfiguration;
			buildSettings = {
				ALWAYS_SEARCH_USER_PATHS = NO;
				CLANG_ANALYZER_NONNULL = YES;
				CLANG_ANALYZER_NUMBER_OBJECT_CONVERSION = YES_AGGRESSIVE;
				CLANG_CXX_LANGUAGE_STANDARD = "gnu++14";
				CLANG_CXX_LIBRARY = "libc++";
				CLANG_ENABLE_MODULES = YES;
				CLANG_ENABLE_OBJC_ARC = YES;
				CLANG_ENABLE_OBJC_WEAK = YES;
				CLANG_WARN_BLOCK_CAPTURE_AUTORELEASING = YES;
				CLANG_WARN_BOOL_CONVERSION = YES;
				CLANG_WARN_COMMA = YES;
				CLANG_WARN_CONSTANT_CONVERSION = YES;
				CLANG_WARN_DEPRECATED_OBJC_IMPLEMENTATIONS = YES;
				CLANG_WARN_DIRECT_OBJC_ISA_USAGE = YES_ERROR;
				CLANG_WARN_DOCUMENTATION_COMMENTS = YES;
				CLANG_WARN_EMPTY_BODY = YES;
				CLANG_WARN_ENUM_CONVERSION = YES;
				CLANG_WARN_INFINITE_RECURSION = YES;
				CLANG_WARN_INT_CONVERSION = YES;
				CLANG_WARN_NON_LITERAL_NULL_CONVERSION = YES;
				CLANG_WARN_OBJC_IMPLICIT_RETAIN_SELF = YES;
				CLANG_WARN_OBJC_LITERAL_CONVERSION = YES;
				CLANG_WARN_OBJC_ROOT_CLASS = YES_ERROR;
				CLANG_WARN_QUOTED_INCLUDE_IN_FRAMEWORK_HEADER = YES;
				CLANG_WARN_RANGE_LOOP_ANALYSIS = YES;
				CLANG_WARN_STRICT_PROTOTYPES = YES;
				CLANG_WARN_SUSPICIOUS_MOVE = YES;
				CLANG_WARN_UNGUARDED_AVAILABILITY = YES_AGGRESSIVE;
				CLANG_WARN_UNREACHABLE_CODE = YES;
				CLANG_WARN__DUPLICATE_METHOD_MATCH = YES;
				COPY_PHASE_STRIP = NO;
				DEAD_CODE_STRIPPING = YES;
				DEBUG_INFORMATION_FORMAT = "dwarf-with-dsym";
				ENABLE_NS_ASSERTIONS = NO;
				ENABLE_STRICT_OBJC_MSGSEND = YES;
				GCC_C_LANGUAGE_STANDARD = gnu11;
				GCC_NO_COMMON_BLOCKS = YES;
				GCC_WARN_64_TO_32_BIT_CONVERSION = YES;
				GCC_WARN_ABOUT_RETURN_TYPE = YES_ERROR;
				GCC_WARN_UNDECLARED_SELECTOR = YES;
				GCC_WARN_UNINITIALIZED_AUTOS = YES_AGGRESSIVE;
				GCC_WARN_UNUSED_FUNCTION = YES;
				GCC_WARN_UNUSED_VARIABLE = YES;
				MACOSX_DEPLOYMENT_TARGET = 12.4;
				MTL_ENABLE_DEBUG_INFO = NO;
				MTL_FAST_MATH = YES;
				SDKROOT = macosx;
				SWIFT_COMPILATION_MODE = wholemodule;
				SWIFT_OPTIMIZATION_LEVEL = "-O";
			};
			name = Release;
		};
		167CBC93257705A600E3D47B /* Debug */ = {
			isa = XCBuildConfiguration;
			buildSettings = {
				CODE_SIGN_IDENTITY = "-";
				CODE_SIGN_STYLE = Automatic;
				DEAD_CODE_STRIPPING = YES;
				PRODUCT_NAME = "$(TARGET_NAME)";
				SWIFT_VERSION = 5.0;
			};
			name = Debug;
		};
		167CBC94257705A600E3D47B /* Release */ = {
			isa = XCBuildConfiguration;
			buildSettings = {
				CODE_SIGN_IDENTITY = "-";
				CODE_SIGN_STYLE = Automatic;
				DEAD_CODE_STRIPPING = YES;
				PRODUCT_NAME = "$(TARGET_NAME)";
				SWIFT_VERSION = 5.0;
			};
			name = Release;
		};
		168D74542CFC4D6F00D9D77E /* Debug */ = {
			isa = XCBuildConfiguration;
			buildSettings = {
				ASSETCATALOG_COMPILER_GENERATE_SWIFT_ASSET_SYMBOL_EXTENSIONS = YES;
				CLANG_CXX_LANGUAGE_STANDARD = "gnu++20";
				CODE_SIGN_STYLE = Automatic;
				DEVELOPMENT_TEAM = 63BBCFF56L;
				ENABLE_HARDENED_RUNTIME = YES;
				ENABLE_USER_SCRIPT_SANDBOXING = YES;
				GCC_C_LANGUAGE_STANDARD = gnu17;
				LOCALIZATION_PREFERS_STRING_CATALOGS = YES;
				MACOSX_DEPLOYMENT_TARGET = 15.0;
				PRODUCT_NAME = "$(TARGET_NAME)";
				SWIFT_ACTIVE_COMPILATION_CONDITIONS = "DEBUG $(inherited)";
				SWIFT_VERSION = 5.0;
			};
			name = Debug;
		};
		168D74552CFC4D6F00D9D77E /* Release */ = {
			isa = XCBuildConfiguration;
			buildSettings = {
				ASSETCATALOG_COMPILER_GENERATE_SWIFT_ASSET_SYMBOL_EXTENSIONS = YES;
				CLANG_CXX_LANGUAGE_STANDARD = "gnu++20";
				CODE_SIGN_STYLE = Automatic;
				DEVELOPMENT_TEAM = 63BBCFF56L;
				ENABLE_HARDENED_RUNTIME = YES;
				ENABLE_USER_SCRIPT_SANDBOXING = YES;
				GCC_C_LANGUAGE_STANDARD = gnu17;
				LOCALIZATION_PREFERS_STRING_CATALOGS = YES;
				MACOSX_DEPLOYMENT_TARGET = 15.0;
				PRODUCT_NAME = "$(TARGET_NAME)";
				SWIFT_VERSION = 5.0;
			};
			name = Release;
		};
		16A78EA1257DE3A8009AE4E5 /* Debug */ = {
			isa = XCBuildConfiguration;
			buildSettings = {
				CODE_SIGN_IDENTITY = "-";
				CODE_SIGN_STYLE = Automatic;
				DEAD_CODE_STRIPPING = YES;
				PRODUCT_NAME = "$(TARGET_NAME)";
				SWIFT_VERSION = 5.0;
			};
			name = Debug;
		};
		16A78EA2257DE3A8009AE4E5 /* Release */ = {
			isa = XCBuildConfiguration;
			buildSettings = {
				CODE_SIGN_IDENTITY = "-";
				CODE_SIGN_STYLE = Automatic;
				DEAD_CODE_STRIPPING = YES;
				PRODUCT_NAME = "$(TARGET_NAME)";
				SWIFT_VERSION = 5.0;
			};
			name = Release;
		};
		16A78ED1257DE589009AE4E5 /* Debug */ = {
			isa = XCBuildConfiguration;
			buildSettings = {
				CODE_SIGN_IDENTITY = "-";
				CODE_SIGN_STYLE = Automatic;
				DEAD_CODE_STRIPPING = YES;
				PRODUCT_NAME = "$(TARGET_NAME)";
				SWIFT_VERSION = 5.0;
			};
			name = Debug;
		};
		16A78ED2257DE589009AE4E5 /* Release */ = {
			isa = XCBuildConfiguration;
			buildSettings = {
				CODE_SIGN_IDENTITY = "-";
				CODE_SIGN_STYLE = Automatic;
				DEAD_CODE_STRIPPING = YES;
				PRODUCT_NAME = "$(TARGET_NAME)";
				SWIFT_VERSION = 5.0;
			};
			name = Release;
		};
		16F3667525821940006831BF /* Debug */ = {
			isa = XCBuildConfiguration;
			buildSettings = {
				CODE_SIGN_IDENTITY = "-";
				CODE_SIGN_STYLE = Automatic;
				DEAD_CODE_STRIPPING = YES;
				PRODUCT_NAME = "$(TARGET_NAME)";
				SWIFT_VERSION = 5.0;
			};
			name = Debug;
		};
		16F3667625821940006831BF /* Release */ = {
			isa = XCBuildConfiguration;
			buildSettings = {
				CODE_SIGN_IDENTITY = "-";
				CODE_SIGN_STYLE = Automatic;
				DEAD_CODE_STRIPPING = YES;
				PRODUCT_NAME = "$(TARGET_NAME)";
				SWIFT_VERSION = 5.0;
			};
			name = Release;
		};
/* End XCBuildConfiguration section */

/* Begin XCConfigurationList section */
		16594ABC27569F2C00ED92B9 /* Build configuration list for PBXNativeTarget "AOC2021" */ = {
			isa = XCConfigurationList;
			buildConfigurations = (
				16594ABD27569F2C00ED92B9 /* Debug */,
				16594ABE27569F2C00ED92B9 /* Release */,
			);
			defaultConfigurationIsVisible = 0;
			defaultConfigurationName = Release;
		};
		165FD2D42938599400061CF8 /* Build configuration list for PBXNativeTarget "AOC2022" */ = {
			isa = XCConfigurationList;
			buildConfigurations = (
				165FD2D22938599400061CF8 /* Debug */,
				165FD2D32938599400061CF8 /* Release */,
			);
			defaultConfigurationIsVisible = 0;
			defaultConfigurationName = Release;
		};
		167CBC86257705A600E3D47B /* Build configuration list for PBXProject "AdventOfCode" */ = {
			isa = XCConfigurationList;
			buildConfigurations = (
				167CBC90257705A600E3D47B /* Debug */,
				167CBC91257705A600E3D47B /* Release */,
			);
			defaultConfigurationIsVisible = 0;
			defaultConfigurationName = Release;
		};
		167CBC92257705A600E3D47B /* Build configuration list for PBXNativeTarget "AdventOfCode" */ = {
			isa = XCConfigurationList;
			buildConfigurations = (
				167CBC93257705A600E3D47B /* Debug */,
				167CBC94257705A600E3D47B /* Release */,
			);
			defaultConfigurationIsVisible = 0;
			defaultConfigurationName = Release;
		};
		168D74532CFC4D6F00D9D77E /* Build configuration list for PBXNativeTarget "AOC2024" */ = {
			isa = XCConfigurationList;
			buildConfigurations = (
				168D74542CFC4D6F00D9D77E /* Debug */,
				168D74552CFC4D6F00D9D77E /* Release */,
			);
			defaultConfigurationIsVisible = 0;
			defaultConfigurationName = Release;
		};
		16A78EA0257DE3A8009AE4E5 /* Build configuration list for PBXNativeTarget "AOC2020" */ = {
			isa = XCConfigurationList;
			buildConfigurations = (
				16A78EA1257DE3A8009AE4E5 /* Debug */,
				16A78EA2257DE3A8009AE4E5 /* Release */,
			);
			defaultConfigurationIsVisible = 0;
			defaultConfigurationName = Release;
		};
		16A78ED0257DE589009AE4E5 /* Build configuration list for PBXNativeTarget "AOC2019" */ = {
			isa = XCConfigurationList;
			buildConfigurations = (
				16A78ED1257DE589009AE4E5 /* Debug */,
				16A78ED2257DE589009AE4E5 /* Release */,
			);
			defaultConfigurationIsVisible = 0;
			defaultConfigurationName = Release;
		};
		16F3667725821940006831BF /* Build configuration list for PBXNativeTarget "AOC2015" */ = {
			isa = XCConfigurationList;
			buildConfigurations = (
				16F3667525821940006831BF /* Debug */,
				16F3667625821940006831BF /* Release */,
			);
			defaultConfigurationIsVisible = 0;
			defaultConfigurationName = Release;
		};
/* End XCConfigurationList section */
	};
	rootObject = 167CBC83257705A600E3D47B /* Project object */;
}
